// !$*UTF8*$!
{
	archiveVersion = 1;
	classes = {
	};
	objectVersion = 46;
	objects = {

/* Begin PBXBuildFile section */
		3A06DC671823FD8D009AE70B /* Foundation.framework in Frameworks */ = {isa = PBXBuildFile; fileRef = 3A06DC661823FD8D009AE70B /* Foundation.framework */; };
		3A06DC691823FD8D009AE70B /* CoreGraphics.framework in Frameworks */ = {isa = PBXBuildFile; fileRef = 3A06DC681823FD8D009AE70B /* CoreGraphics.framework */; };
		3A06DC6B1823FD8D009AE70B /* UIKit.framework in Frameworks */ = {isa = PBXBuildFile; fileRef = 3A06DC6A1823FD8D009AE70B /* UIKit.framework */; };
		3A06DC711823FD8D009AE70B /* InfoPlist.strings in Resources */ = {isa = PBXBuildFile; fileRef = 3A06DC6F1823FD8D009AE70B /* InfoPlist.strings */; };
		3A06DC731823FD8D009AE70B /* main.m in Sources */ = {isa = PBXBuildFile; fileRef = 3A06DC721823FD8D009AE70B /* main.m */; };
		3A06DC771823FD8D009AE70B /* AppDelegate.m in Sources */ = {isa = PBXBuildFile; fileRef = 3A06DC761823FD8D009AE70B /* AppDelegate.m */; };
		3A06DC7A1823FD8D009AE70B /* Main.storyboard in Resources */ = {isa = PBXBuildFile; fileRef = 3A06DC781823FD8D009AE70B /* Main.storyboard */; };
		3A06DC7F1823FD8D009AE70B /* Images.xcassets in Resources */ = {isa = PBXBuildFile; fileRef = 3A06DC7E1823FD8D009AE70B /* Images.xcassets */; };
		3A06DC861823FD8D009AE70B /* XCTest.framework in Frameworks */ = {isa = PBXBuildFile; fileRef = 3A06DC851823FD8D009AE70B /* XCTest.framework */; };
		3A06DC871823FD8D009AE70B /* Foundation.framework in Frameworks */ = {isa = PBXBuildFile; fileRef = 3A06DC661823FD8D009AE70B /* Foundation.framework */; };
		3A06DC881823FD8D009AE70B /* UIKit.framework in Frameworks */ = {isa = PBXBuildFile; fileRef = 3A06DC6A1823FD8D009AE70B /* UIKit.framework */; };
		3A06DC901823FD8D009AE70B /* InfoPlist.strings in Resources */ = {isa = PBXBuildFile; fileRef = 3A06DC8E1823FD8D009AE70B /* InfoPlist.strings */; };
		3A06DC921823FD8D009AE70B /* NZTravellerAppTests.m in Sources */ = {isa = PBXBuildFile; fileRef = 3A06DC911823FD8D009AE70B /* NZTravellerAppTests.m */; };
		3A06DC9D1823FDF0009AE70B /* CustomScrollViewController.m in Sources */ = {isa = PBXBuildFile; fileRef = 3A06DC9C1823FDF0009AE70B /* CustomScrollViewController.m */; };
		3A06DCA61823FE64009AE70B /* ScrollViewController.m in Sources */ = {isa = PBXBuildFile; fileRef = 3A06DCA51823FE64009AE70B /* ScrollViewController.m */; };
		3A06DCAE182401D7009AE70B /* photo1.png in Resources */ = {isa = PBXBuildFile; fileRef = 3A06DCA8182401D7009AE70B /* photo1.png */; };
		3A06DCAF182401D7009AE70B /* photo2.png in Resources */ = {isa = PBXBuildFile; fileRef = 3A06DCA9182401D7009AE70B /* photo2.png */; };
		3A06DCB0182401D7009AE70B /* photo3.png in Resources */ = {isa = PBXBuildFile; fileRef = 3A06DCAA182401D7009AE70B /* photo3.png */; };
		3A06DCB1182401D7009AE70B /* photo4.png in Resources */ = {isa = PBXBuildFile; fileRef = 3A06DCAB182401D7009AE70B /* photo4.png */; };
		3A06DCB2182401D7009AE70B /* photo5.png in Resources */ = {isa = PBXBuildFile; fileRef = 3A06DCAC182401D7009AE70B /* photo5.png */; };
		3A06DCB3182401D7009AE70B /* slow.png in Resources */ = {isa = PBXBuildFile; fileRef = 3A06DCAD182401D7009AE70B /* slow.png */; };
		3A06DCB6182401DF009AE70B /* NewZealandMap.png in Resources */ = {isa = PBXBuildFile; fileRef = 3A06DCB5182401DF009AE70B /* NewZealandMap.png */; };
		3A06DCB818240809009AE70B /* Star.png in Resources */ = {isa = PBXBuildFile; fileRef = 3A06DCB718240809009AE70B /* Star.png */; };
		3A06DCBE18242904009AE70B /* first.png in Resources */ = {isa = PBXBuildFile; fileRef = 3A06DCBA18242904009AE70B /* first.png */; };
		3A06DCBF18242904009AE70B /* gallery.png in Resources */ = {isa = PBXBuildFile; fileRef = 3A06DCBB18242904009AE70B /* gallery.png */; };
		3A06DCC018242904009AE70B /* information.png in Resources */ = {isa = PBXBuildFile; fileRef = 3A06DCBC18242904009AE70B /* information.png */; };
		3A06DCC118242904009AE70B /* map.png in Resources */ = {isa = PBXBuildFile; fileRef = 3A06DCBD18242904009AE70B /* map.png */; };
		3A06DCCB182438A9009AE70B /* Icon-72.png in Resources */ = {isa = PBXBuildFile; fileRef = 3A06DCC3182438A9009AE70B /* Icon-72.png */; };
		3A06DCCC182438A9009AE70B /* Icon-72@2x.png in Resources */ = {isa = PBXBuildFile; fileRef = 3A06DCC4182438A9009AE70B /* Icon-72@2x.png */; };
		3A06DCCD182438A9009AE70B /* Icon-Small-50.png in Resources */ = {isa = PBXBuildFile; fileRef = 3A06DCC5182438A9009AE70B /* Icon-Small-50.png */; };
		3A06DCCE182438A9009AE70B /* Icon-Small-50@2x.png in Resources */ = {isa = PBXBuildFile; fileRef = 3A06DCC6182438A9009AE70B /* Icon-Small-50@2x.png */; };
		3A06DCCF182438A9009AE70B /* Icon-Small.png in Resources */ = {isa = PBXBuildFile; fileRef = 3A06DCC7182438A9009AE70B /* Icon-Small.png */; };
		3A06DCD0182438A9009AE70B /* Icon-Small@2x.png in Resources */ = {isa = PBXBuildFile; fileRef = 3A06DCC8182438A9009AE70B /* Icon-Small@2x.png */; };
		3A06DCD1182438A9009AE70B /* Icon.png in Resources */ = {isa = PBXBuildFile; fileRef = 3A06DCC9182438A9009AE70B /* Icon.png */; };
		3A06DCD2182438A9009AE70B /* Icon@2x.png in Resources */ = {isa = PBXBuildFile; fileRef = 3A06DCCA182438A9009AE70B /* Icon@2x.png */; };
		3A06DCD518243AA5009AE70B /* Icon-Med.png in Resources */ = {isa = PBXBuildFile; fileRef = 3A06DCD318243AA5009AE70B /* Icon-Med.png */; };
		3A06DCD618243AA5009AE70B /* Icon-Med@2x.png in Resources */ = {isa = PBXBuildFile; fileRef = 3A06DCD418243AA5009AE70B /* Icon-Med@2x.png */; };
		3A06DCD918243B2F009AE70B /* Icon60pt.png in Resources */ = {isa = PBXBuildFile; fileRef = 3A06DCD818243B2F009AE70B /* Icon60pt.png */; };
		3A06DCDB18243B6D009AE70B /* Icon60pt@2x.png in Resources */ = {isa = PBXBuildFile; fileRef = 3A06DCDA18243B6D009AE70B /* Icon60pt@2x.png */; };
		3A06DCDE18243C0E009AE70B /* Icon76pt.png in Resources */ = {isa = PBXBuildFile; fileRef = 3A06DCDC18243C0E009AE70B /* Icon76pt.png */; };
		3A06DCDF18243C0E009AE70B /* Icon76pt@2x.png in Resources */ = {isa = PBXBuildFile; fileRef = 3A06DCDD18243C0E009AE70B /* Icon76pt@2x.png */; };
		3A06DCE118244195009AE70B /* NewZealandMapK.png in Resources */ = {isa = PBXBuildFile; fileRef = 3A06DCE018244195009AE70B /* NewZealandMapK.png */; };
		3A06DCE318244222009AE70B /* NewZealandMapM.png in Resources */ = {isa = PBXBuildFile; fileRef = 3A06DCE218244222009AE70B /* NewZealandMapM.png */; };
		3A06DCE5182442B5009AE70B /* NewZealandMapKM.png in Resources */ = {isa = PBXBuildFile; fileRef = 3A06DCE4182442B5009AE70B /* NewZealandMapKM.png */; };
		3A06DCE718244360009AE70B /* NewZealandMapKMM.png in Resources */ = {isa = PBXBuildFile; fileRef = 3A06DCE618244360009AE70B /* NewZealandMapKMM.png */; };
		3A06DCF9182448F1009AE70B /* NewZealandMap.pdf in Resources */ = {isa = PBXBuildFile; fileRef = 3A06DCF8182448F1009AE70B /* NewZealandMap.pdf */; };
		3A55BFBA182AB4C5007D0B40 /* CoreData.framework in Frameworks */ = {isa = PBXBuildFile; fileRef = 3A55BFB9182AB4C5007D0B40 /* CoreData.framework */; };
		3A55BFBD182AB714007D0B40 /* NZTravellerApp.xcdatamodeld in Sources */ = {isa = PBXBuildFile; fileRef = 3A55BFBB182AB714007D0B40 /* NZTravellerApp.xcdatamodeld */; };
		3A55BFC6182AC0C9007D0B40 /* NZTravellerDetails.m in Sources */ = {isa = PBXBuildFile; fileRef = 3A55BFC5182AC0C9007D0B40 /* NZTravellerDetails.m */; };
		3A55BFC9182AC0CA007D0B40 /* NZTravellerPOI.m in Sources */ = {isa = PBXBuildFile; fileRef = 3A55BFC8182AC0CA007D0B40 /* NZTravellerPOI.m */; };
		3A55C016182AC97A007D0B40 /* FirstTableViewController.m in Sources */ = {isa = PBXBuildFile; fileRef = 3A55C015182AC97A007D0B40 /* FirstTableViewController.m */; };
		3AAE216B182AF00F007C6AB8 /* NZDetailViewController.m in Sources */ = {isa = PBXBuildFile; fileRef = 3AAE216A182AF00F007C6AB8 /* NZDetailViewController.m */; };
		3AAE21BC182C18EA007C6AB8 /* CoreDataTutorial2.sqlite in Resources */ = {isa = PBXBuildFile; fileRef = 3AAE21BB182C18EA007C6AB8 /* CoreDataTutorial2.sqlite */; };
		3AAE21BF18316B82007C6AB8 /* ImageScrollViewController.m in Sources */ = {isa = PBXBuildFile; fileRef = 3AAE21BE18316B82007C6AB8 /* ImageScrollViewController.m */; };
		3AE73DC018326C2000AD06AD /* Arataki Visitor Centre.JPG in Resources */ = {isa = PBXBuildFile; fileRef = 3AE73D9018326C2000AD06AD /* Arataki Visitor Centre.JPG */; };
		3AE73DC118326C2000AD06AD /* Baldwind St (Steilste Str).JPG in Resources */ = {isa = PBXBuildFile; fileRef = 3AE73D9118326C2000AD06AD /* Baldwind St (Steilste Str).JPG */; };
		3AE73DC218326C2000AD06AD /* BethellsBeach.jpg in Resources */ = {isa = PBXBuildFile; fileRef = 3AE73D9218326C2000AD06AD /* BethellsBeach.jpg */; };
		3AE73DC318326C2000AD06AD /* Cape Palliser LightHouse.JPG in Resources */ = {isa = PBXBuildFile; fileRef = 3AE73D9318326C2000AD06AD /* Cape Palliser LightHouse.JPG */; };
		3AE73DC418326C2000AD06AD /* Cape Palliser Seal Colony.JPG in Resources */ = {isa = PBXBuildFile; fileRef = 3AE73D9418326C2000AD06AD /* Cape Palliser Seal Colony.JPG */; };
		3AE73DC518326C2000AD06AD /* CapeReinga.JPG in Resources */ = {isa = PBXBuildFile; fileRef = 3AE73D9518326C2000AD06AD /* CapeReinga.JPG */; };
		3AE73DC618326C2000AD06AD /* CathedralCove.JPG in Resources */ = {isa = PBXBuildFile; fileRef = 3AE73D9618326C2000AD06AD /* CathedralCove.JPG */; };
		3AE73DC718326C2000AD06AD /* East Cape 2.JPG in Resources */ = {isa = PBXBuildFile; fileRef = 3AE73D9718326C2000AD06AD /* East Cape 2.JPG */; };
		3AE73DC818326C2000AD06AD /* East Cape.JPG in Resources */ = {isa = PBXBuildFile; fileRef = 3AE73D9818326C2000AD06AD /* East Cape.JPG */; };
		3AE73DC918326C2000AD06AD /* Franz Josef Glacier.jpg in Resources */ = {isa = PBXBuildFile; fileRef = 3AE73D9918326C2000AD06AD /* Franz Josef Glacier.jpg */; };
		3AE73DCA18326C2000AD06AD /* Glenorchy Walkway.JPG in Resources */ = {isa = PBXBuildFile; fileRef = 3AE73D9A18326C2000AD06AD /* Glenorchy Walkway.JPG */; };
		3AE73DCB18326C2000AD06AD /* Glenorchy:Otago 2.JPG in Resources */ = {isa = PBXBuildFile; fileRef = 3AE73D9B18326C2000AD06AD /* Glenorchy:Otago 2.JPG */; };
		3AE73DCC18326C2000AD06AD /* Glenorchy:Otago.JPG in Resources */ = {isa = PBXBuildFile; fileRef = 3AE73D9C18326C2000AD06AD /* Glenorchy:Otago.JPG */; };
		3AE73DCD18326C2000AD06AD /* Glenorchy:Weg zum Diamond Lake.JPG in Resources */ = {isa = PBXBuildFile; fileRef = 3AE73D9D18326C2000AD06AD /* Glenorchy:Weg zum Diamond Lake.JPG */; };
		3AE73DCE18326C2000AD06AD /* Haast Highway 2.JPG in Resources */ = {isa = PBXBuildFile; fileRef = 3AE73D9E18326C2000AD06AD /* Haast Highway 2.JPG */; };
		3AE73DCF18326C2000AD06AD /* Haast Highway 3.JPG in Resources */ = {isa = PBXBuildFile; fileRef = 3AE73D9F18326C2000AD06AD /* Haast Highway 3.JPG */; };
		3AE73DD018326C2000AD06AD /* Haast Highway Blue Pools.jpg in Resources */ = {isa = PBXBuildFile; fileRef = 3AE73DA018326C2000AD06AD /* Haast Highway Blue Pools.jpg */; };
		3AE73DD318326C2000AD06AD /* Haast Highway.JPG in Resources */ = {isa = PBXBuildFile; fileRef = 3AE73DA318326C2000AD06AD /* Haast Highway.JPG */; };
		3AE73DD418326C2000AD06AD /* HamiltonGardens.JPG in Resources */ = {isa = PBXBuildFile; fileRef = 3AE73DA418326C2000AD06AD /* HamiltonGardens.JPG */; };
		3AE73DD518326C2000AD06AD /* Harcourt Park.JPG in Resources */ = {isa = PBXBuildFile; fileRef = 3AE73DA518326C2000AD06AD /* Harcourt Park.JPG */; };
		3AE73DD618326C2000AD06AD /* HotWaterBeach.JPG in Resources */ = {isa = PBXBuildFile; fileRef = 3AE73DA618326C2000AD06AD /* HotWaterBeach.JPG */; };
		3AE73DD718326C2000AD06AD /* Hundertwassertoiletten.JPG in Resources */ = {isa = PBXBuildFile; fileRef = 3AE73DA718326C2000AD06AD /* Hundertwassertoiletten.JPG */; };
		3AE73DD818326C2000AD06AD /* Kaikoura.JPG in Resources */ = {isa = PBXBuildFile; fileRef = 3AE73DA818326C2000AD06AD /* Kaikoura.JPG */; };
		3AE73DD918326C2000AD06AD /* Kaitoke Regional Park.JPG in Resources */ = {isa = PBXBuildFile; fileRef = 3AE73DA918326C2000AD06AD /* Kaitoke Regional Park.JPG */; };
		3AE73DDA18326C2000AD06AD /* Karikari Estate Weingut.JPG in Resources */ = {isa = PBXBuildFile; fileRef = 3AE73DAA18326C2000AD06AD /* Karikari Estate Weingut.JPG */; };
		3AE73DDB18326C2000AD06AD /* Kinloch.JPG in Resources */ = {isa = PBXBuildFile; fileRef = 3AE73DAB18326C2000AD06AD /* Kinloch.JPG */; };
		3AE73DDC18326C2000AD06AD /* Lake Marian.jpg in Resources */ = {isa = PBXBuildFile; fileRef = 3AE73DAC18326C2000AD06AD /* Lake Marian.jpg */; };
		3AE73DDD18326C2000AD06AD /* LakeRotorua.JPG in Resources */ = {isa = PBXBuildFile; fileRef = 3AE73DAD18326C2000AD06AD /* LakeRotorua.JPG */; };
		3AE73DDE18326C2000AD06AD /* Marlborough Sounds 2.JPG in Resources */ = {isa = PBXBuildFile; fileRef = 3AE73DAE18326C2000AD06AD /* Marlborough Sounds 2.JPG */; };
		3AE73DDF18326C2000AD06AD /* Marlborough Sounds.JPG in Resources */ = {isa = PBXBuildFile; fileRef = 3AE73DAF18326C2000AD06AD /* Marlborough Sounds.JPG */; };
		3AE73DE018326C2000AD06AD /* Milford Sound 2.jpg in Resources */ = {isa = PBXBuildFile; fileRef = 3AE73DB018326C2000AD06AD /* Milford Sound 2.jpg */; };
		3AE73DE218326C2000AD06AD /* Mount Maunganui 2.JPG in Resources */ = {isa = PBXBuildFile; fileRef = 3AE73DB218326C2000AD06AD /* Mount Maunganui 2.JPG */; };
		3AE73DE318326C2000AD06AD /* Mount Maunganui.JPG in Resources */ = {isa = PBXBuildFile; fileRef = 3AE73DB318326C2000AD06AD /* Mount Maunganui.JPG */; };
		3AE73DE418326C2000AD06AD /* Old Cromwell Town.JPG in Resources */ = {isa = PBXBuildFile; fileRef = 3AE73DB418326C2000AD06AD /* Old Cromwell Town.JPG */; };
		3AE73DE518326C2000AD06AD /* PihaBeach.JPG in Resources */ = {isa = PBXBuildFile; fileRef = 3AE73DB518326C2000AD06AD /* PihaBeach.JPG */; };
		3AE73DE618326C2000AD06AD /* PihaWaterfall.JPG in Resources */ = {isa = PBXBuildFile; fileRef = 3AE73DB618326C2000AD06AD /* PihaWaterfall.JPG */; };
		3AE73DE718326C2000AD06AD /* Princess Bay Parkplatz.JPG in Resources */ = {isa = PBXBuildFile; fileRef = 3AE73DB718326C2000AD06AD /* Princess Bay Parkplatz.JPG */; };
		3AE73DE818326C2000AD06AD /* Queenstown Jetboat.JPG in Resources */ = {isa = PBXBuildFile; fileRef = 3AE73DB818326C2000AD06AD /* Queenstown Jetboat.JPG */; };
		3AE73DE918326C2000AD06AD /* Queenstown.JPG in Resources */ = {isa = PBXBuildFile; fileRef = 3AE73DB918326C2000AD06AD /* Queenstown.JPG */; };
		3AE73DEA18326C2000AD06AD /* Railway Station Dunedin.JPG in Resources */ = {isa = PBXBuildFile; fileRef = 3AE73DBA18326C2000AD06AD /* Railway Station Dunedin.JPG */; };
		3AE73DEB18326C2000AD06AD /* ruhigerStrand.JPG in Resources */ = {isa = PBXBuildFile; fileRef = 3AE73DBB18326C2000AD06AD /* ruhigerStrand.JPG */; };
		3AE73DEC18326C2000AD06AD /* TongariroCrossing.JPG in Resources */ = {isa = PBXBuildFile; fileRef = 3AE73DBC18326C2000AD06AD /* TongariroCrossing.JPG */; };
		3AE73DED18326C2000AD06AD /* Wai-O-Tapu Thermal Wonderland.JPG in Resources */ = {isa = PBXBuildFile; fileRef = 3AE73DBD18326C2000AD06AD /* Wai-O-Tapu Thermal Wonderland.JPG */; };
		3AE73DEF18326C2000AD06AD /* Wanaka Puzzling World.JPG in Resources */ = {isa = PBXBuildFile; fileRef = 3AE73DBF18326C2000AD06AD /* Wanaka Puzzling World.JPG */; };
/* End PBXBuildFile section */

/* Begin PBXContainerItemProxy section */
		3A06DC891823FD8D009AE70B /* PBXContainerItemProxy */ = {
			isa = PBXContainerItemProxy;
			containerPortal = 3A06DC5B1823FD8D009AE70B /* Project object */;
			proxyType = 1;
			remoteGlobalIDString = 3A06DC621823FD8D009AE70B;
			remoteInfo = NZTravellerApp;
		};
/* End PBXContainerItemProxy section */

/* Begin PBXFileReference section */
		3A06DC631823FD8D009AE70B /* NZTravellerApp.app */ = {isa = PBXFileReference; explicitFileType = wrapper.application; includeInIndex = 0; path = NZTravellerApp.app; sourceTree = BUILT_PRODUCTS_DIR; };
		3A06DC661823FD8D009AE70B /* Foundation.framework */ = {isa = PBXFileReference; lastKnownFileType = wrapper.framework; name = Foundation.framework; path = System/Library/Frameworks/Foundation.framework; sourceTree = SDKROOT; };
		3A06DC681823FD8D009AE70B /* CoreGraphics.framework */ = {isa = PBXFileReference; lastKnownFileType = wrapper.framework; name = CoreGraphics.framework; path = System/Library/Frameworks/CoreGraphics.framework; sourceTree = SDKROOT; };
		3A06DC6A1823FD8D009AE70B /* UIKit.framework */ = {isa = PBXFileReference; lastKnownFileType = wrapper.framework; name = UIKit.framework; path = System/Library/Frameworks/UIKit.framework; sourceTree = SDKROOT; };
		3A06DC6E1823FD8D009AE70B /* NZTravellerApp-Info.plist */ = {isa = PBXFileReference; lastKnownFileType = text.plist.xml; path = "NZTravellerApp-Info.plist"; sourceTree = "<group>"; };
		3A06DC701823FD8D009AE70B /* en */ = {isa = PBXFileReference; lastKnownFileType = text.plist.strings; name = en; path = en.lproj/InfoPlist.strings; sourceTree = "<group>"; };
		3A06DC721823FD8D009AE70B /* main.m */ = {isa = PBXFileReference; lastKnownFileType = sourcecode.c.objc; path = main.m; sourceTree = "<group>"; };
		3A06DC741823FD8D009AE70B /* NZTravellerApp-Prefix.pch */ = {isa = PBXFileReference; lastKnownFileType = sourcecode.c.h; path = "NZTravellerApp-Prefix.pch"; sourceTree = "<group>"; };
		3A06DC751823FD8D009AE70B /* AppDelegate.h */ = {isa = PBXFileReference; lastKnownFileType = sourcecode.c.h; path = AppDelegate.h; sourceTree = "<group>"; };
		3A06DC761823FD8D009AE70B /* AppDelegate.m */ = {isa = PBXFileReference; lastKnownFileType = sourcecode.c.objc; path = AppDelegate.m; sourceTree = "<group>"; };
		3A06DC791823FD8D009AE70B /* Base */ = {isa = PBXFileReference; lastKnownFileType = file.storyboard; name = Base; path = Base.lproj/Main.storyboard; sourceTree = "<group>"; };
		3A06DC7E1823FD8D009AE70B /* Images.xcassets */ = {isa = PBXFileReference; lastKnownFileType = folder.assetcatalog; path = Images.xcassets; sourceTree = "<group>"; };
		3A06DC841823FD8D009AE70B /* NZTravellerAppTests.xctest */ = {isa = PBXFileReference; explicitFileType = wrapper.cfbundle; includeInIndex = 0; path = NZTravellerAppTests.xctest; sourceTree = BUILT_PRODUCTS_DIR; };
		3A06DC851823FD8D009AE70B /* XCTest.framework */ = {isa = PBXFileReference; lastKnownFileType = wrapper.framework; name = XCTest.framework; path = Library/Frameworks/XCTest.framework; sourceTree = DEVELOPER_DIR; };
		3A06DC8D1823FD8D009AE70B /* NZTravellerAppTests-Info.plist */ = {isa = PBXFileReference; lastKnownFileType = text.plist.xml; path = "NZTravellerAppTests-Info.plist"; sourceTree = "<group>"; };
		3A06DC8F1823FD8D009AE70B /* en */ = {isa = PBXFileReference; lastKnownFileType = text.plist.strings; name = en; path = en.lproj/InfoPlist.strings; sourceTree = "<group>"; };
		3A06DC911823FD8D009AE70B /* NZTravellerAppTests.m */ = {isa = PBXFileReference; lastKnownFileType = sourcecode.c.objc; path = NZTravellerAppTests.m; sourceTree = "<group>"; };
		3A06DC9B1823FDF0009AE70B /* CustomScrollViewController.h */ = {isa = PBXFileReference; fileEncoding = 4; lastKnownFileType = sourcecode.c.h; path = CustomScrollViewController.h; sourceTree = "<group>"; };
		3A06DC9C1823FDF0009AE70B /* CustomScrollViewController.m */ = {isa = PBXFileReference; fileEncoding = 4; lastKnownFileType = sourcecode.c.objc; path = CustomScrollViewController.m; sourceTree = "<group>"; };
		3A06DCA41823FE64009AE70B /* ScrollViewController.h */ = {isa = PBXFileReference; fileEncoding = 4; lastKnownFileType = sourcecode.c.h; path = ScrollViewController.h; sourceTree = "<group>"; };
		3A06DCA51823FE64009AE70B /* ScrollViewController.m */ = {isa = PBXFileReference; fileEncoding = 4; lastKnownFileType = sourcecode.c.objc; path = ScrollViewController.m; sourceTree = "<group>"; };
		3A06DCA8182401D7009AE70B /* photo1.png */ = {isa = PBXFileReference; lastKnownFileType = image.png; path = photo1.png; sourceTree = "<group>"; };
		3A06DCA9182401D7009AE70B /* photo2.png */ = {isa = PBXFileReference; lastKnownFileType = image.png; path = photo2.png; sourceTree = "<group>"; };
		3A06DCAA182401D7009AE70B /* photo3.png */ = {isa = PBXFileReference; lastKnownFileType = image.png; path = photo3.png; sourceTree = "<group>"; };
		3A06DCAB182401D7009AE70B /* photo4.png */ = {isa = PBXFileReference; lastKnownFileType = image.png; path = photo4.png; sourceTree = "<group>"; };
		3A06DCAC182401D7009AE70B /* photo5.png */ = {isa = PBXFileReference; lastKnownFileType = image.png; path = photo5.png; sourceTree = "<group>"; };
		3A06DCAD182401D7009AE70B /* slow.png */ = {isa = PBXFileReference; lastKnownFileType = image.png; path = slow.png; sourceTree = "<group>"; };
		3A06DCB5182401DF009AE70B /* NewZealandMap.png */ = {isa = PBXFileReference; lastKnownFileType = image.png; path = NewZealandMap.png; sourceTree = "<group>"; };
		3A06DCB718240809009AE70B /* Star.png */ = {isa = PBXFileReference; lastKnownFileType = image.png; path = Star.png; sourceTree = "<group>"; };
		3A06DCBA18242904009AE70B /* first.png */ = {isa = PBXFileReference; lastKnownFileType = image.png; path = first.png; sourceTree = "<group>"; };
		3A06DCBB18242904009AE70B /* gallery.png */ = {isa = PBXFileReference; lastKnownFileType = image.png; path = gallery.png; sourceTree = "<group>"; };
		3A06DCBC18242904009AE70B /* information.png */ = {isa = PBXFileReference; lastKnownFileType = image.png; path = information.png; sourceTree = "<group>"; };
		3A06DCBD18242904009AE70B /* map.png */ = {isa = PBXFileReference; lastKnownFileType = image.png; path = map.png; sourceTree = "<group>"; };
		3A06DCC3182438A9009AE70B /* Icon-72.png */ = {isa = PBXFileReference; lastKnownFileType = image.png; path = "Icon-72.png"; sourceTree = "<group>"; };
		3A06DCC4182438A9009AE70B /* Icon-72@2x.png */ = {isa = PBXFileReference; lastKnownFileType = image.png; path = "Icon-72@2x.png"; sourceTree = "<group>"; };
		3A06DCC5182438A9009AE70B /* Icon-Small-50.png */ = {isa = PBXFileReference; lastKnownFileType = image.png; path = "Icon-Small-50.png"; sourceTree = "<group>"; };
		3A06DCC6182438A9009AE70B /* Icon-Small-50@2x.png */ = {isa = PBXFileReference; lastKnownFileType = image.png; path = "Icon-Small-50@2x.png"; sourceTree = "<group>"; };
		3A06DCC7182438A9009AE70B /* Icon-Small.png */ = {isa = PBXFileReference; lastKnownFileType = image.png; path = "Icon-Small.png"; sourceTree = "<group>"; };
		3A06DCC8182438A9009AE70B /* Icon-Small@2x.png */ = {isa = PBXFileReference; lastKnownFileType = image.png; path = "Icon-Small@2x.png"; sourceTree = "<group>"; };
		3A06DCC9182438A9009AE70B /* Icon.png */ = {isa = PBXFileReference; lastKnownFileType = image.png; path = Icon.png; sourceTree = "<group>"; };
		3A06DCCA182438A9009AE70B /* Icon@2x.png */ = {isa = PBXFileReference; lastKnownFileType = image.png; path = "Icon@2x.png"; sourceTree = "<group>"; };
		3A06DCD318243AA5009AE70B /* Icon-Med.png */ = {isa = PBXFileReference; lastKnownFileType = image.png; path = "Icon-Med.png"; sourceTree = "<group>"; };
		3A06DCD418243AA5009AE70B /* Icon-Med@2x.png */ = {isa = PBXFileReference; lastKnownFileType = image.png; path = "Icon-Med@2x.png"; sourceTree = "<group>"; };
		3A06DCD818243B2F009AE70B /* Icon60pt.png */ = {isa = PBXFileReference; lastKnownFileType = image.png; path = Icon60pt.png; sourceTree = "<group>"; };
		3A06DCDA18243B6D009AE70B /* Icon60pt@2x.png */ = {isa = PBXFileReference; lastKnownFileType = image.png; path = "Icon60pt@2x.png"; sourceTree = "<group>"; };
		3A06DCDC18243C0E009AE70B /* Icon76pt.png */ = {isa = PBXFileReference; lastKnownFileType = image.png; path = Icon76pt.png; sourceTree = "<group>"; };
		3A06DCDD18243C0E009AE70B /* Icon76pt@2x.png */ = {isa = PBXFileReference; lastKnownFileType = image.png; path = "Icon76pt@2x.png"; sourceTree = "<group>"; };
		3A06DCE018244195009AE70B /* NewZealandMapK.png */ = {isa = PBXFileReference; lastKnownFileType = image.png; path = NewZealandMapK.png; sourceTree = "<group>"; };
		3A06DCE218244222009AE70B /* NewZealandMapM.png */ = {isa = PBXFileReference; lastKnownFileType = image.png; path = NewZealandMapM.png; sourceTree = "<group>"; };
		3A06DCE4182442B5009AE70B /* NewZealandMapKM.png */ = {isa = PBXFileReference; lastKnownFileType = image.png; path = NewZealandMapKM.png; sourceTree = "<group>"; };
		3A06DCE618244360009AE70B /* NewZealandMapKMM.png */ = {isa = PBXFileReference; lastKnownFileType = image.png; path = NewZealandMapKMM.png; sourceTree = "<group>"; };
		3A06DCF8182448F1009AE70B /* NewZealandMap.pdf */ = {isa = PBXFileReference; lastKnownFileType = image.pdf; path = NewZealandMap.pdf; sourceTree = "<group>"; };
		3A55BFB9182AB4C5007D0B40 /* CoreData.framework */ = {isa = PBXFileReference; lastKnownFileType = wrapper.framework; name = CoreData.framework; path = System/Library/Frameworks/CoreData.framework; sourceTree = SDKROOT; };
		3A55BFBC182AB714007D0B40 /* NZTravellerApp.xcdatamodel */ = {isa = PBXFileReference; lastKnownFileType = wrapper.xcdatamodel; path = NZTravellerApp.xcdatamodel; sourceTree = "<group>"; };
		3A55BFC4182AC0C9007D0B40 /* NZTravellerDetails.h */ = {isa = PBXFileReference; fileEncoding = 4; lastKnownFileType = sourcecode.c.h; path = NZTravellerDetails.h; sourceTree = "<group>"; };
		3A55BFC5182AC0C9007D0B40 /* NZTravellerDetails.m */ = {isa = PBXFileReference; fileEncoding = 4; lastKnownFileType = sourcecode.c.objc; path = NZTravellerDetails.m; sourceTree = "<group>"; };
		3A55BFC7182AC0CA007D0B40 /* NZTravellerPOI.h */ = {isa = PBXFileReference; fileEncoding = 4; lastKnownFileType = sourcecode.c.h; path = NZTravellerPOI.h; sourceTree = "<group>"; };
		3A55BFC8182AC0CA007D0B40 /* NZTravellerPOI.m */ = {isa = PBXFileReference; fileEncoding = 4; lastKnownFileType = sourcecode.c.objc; path = NZTravellerPOI.m; sourceTree = "<group>"; };
		3A55C014182AC97A007D0B40 /* FirstTableViewController.h */ = {isa = PBXFileReference; fileEncoding = 4; lastKnownFileType = sourcecode.c.h; path = FirstTableViewController.h; sourceTree = "<group>"; };
		3A55C015182AC97A007D0B40 /* FirstTableViewController.m */ = {isa = PBXFileReference; fileEncoding = 4; lastKnownFileType = sourcecode.c.objc; path = FirstTableViewController.m; sourceTree = "<group>"; };
		3AAE2169182AF00F007C6AB8 /* NZDetailViewController.h */ = {isa = PBXFileReference; fileEncoding = 4; lastKnownFileType = sourcecode.c.h; path = NZDetailViewController.h; sourceTree = "<group>"; };
		3AAE216A182AF00F007C6AB8 /* NZDetailViewController.m */ = {isa = PBXFileReference; fileEncoding = 4; lastKnownFileType = sourcecode.c.objc; path = NZDetailViewController.m; sourceTree = "<group>"; };
		3AAE21BB182C18EA007C6AB8 /* CoreDataTutorial2.sqlite */ = {isa = PBXFileReference; lastKnownFileType = file; path = CoreDataTutorial2.sqlite; sourceTree = "<group>"; };
		3AAE21BD18316B82007C6AB8 /* ImageScrollViewController.h */ = {isa = PBXFileReference; fileEncoding = 4; lastKnownFileType = sourcecode.c.h; path = ImageScrollViewController.h; sourceTree = "<group>"; };
		3AAE21BE18316B82007C6AB8 /* ImageScrollViewController.m */ = {isa = PBXFileReference; fileEncoding = 4; lastKnownFileType = sourcecode.c.objc; path = ImageScrollViewController.m; sourceTree = "<group>"; };
		3AE73D9018326C2000AD06AD /* Arataki Visitor Centre.JPG */ = {isa = PBXFileReference; lastKnownFileType = image.jpeg; path = "Arataki Visitor Centre.JPG"; sourceTree = "<group>"; };
		3AE73D9118326C2000AD06AD /* Baldwind St (Steilste Str).JPG */ = {isa = PBXFileReference; lastKnownFileType = image.jpeg; path = "Baldwind St (Steilste Str).JPG"; sourceTree = "<group>"; };
		3AE73D9218326C2000AD06AD /* BethellsBeach.jpg */ = {isa = PBXFileReference; lastKnownFileType = image.jpeg; path = BethellsBeach.jpg; sourceTree = "<group>"; };
		3AE73D9318326C2000AD06AD /* Cape Palliser LightHouse.JPG */ = {isa = PBXFileReference; lastKnownFileType = image.jpeg; path = "Cape Palliser LightHouse.JPG"; sourceTree = "<group>"; };
		3AE73D9418326C2000AD06AD /* Cape Palliser Seal Colony.JPG */ = {isa = PBXFileReference; lastKnownFileType = image.jpeg; path = "Cape Palliser Seal Colony.JPG"; sourceTree = "<group>"; };
		3AE73D9518326C2000AD06AD /* CapeReinga.JPG */ = {isa = PBXFileReference; lastKnownFileType = image.jpeg; path = CapeReinga.JPG; sourceTree = "<group>"; };
		3AE73D9618326C2000AD06AD /* CathedralCove.JPG */ = {isa = PBXFileReference; lastKnownFileType = image.jpeg; path = CathedralCove.JPG; sourceTree = "<group>"; };
		3AE73D9718326C2000AD06AD /* East Cape 2.JPG */ = {isa = PBXFileReference; lastKnownFileType = image.jpeg; path = "East Cape 2.JPG"; sourceTree = "<group>"; };
		3AE73D9818326C2000AD06AD /* East Cape.JPG */ = {isa = PBXFileReference; lastKnownFileType = image.jpeg; path = "East Cape.JPG"; sourceTree = "<group>"; };
		3AE73D9918326C2000AD06AD /* Franz Josef Glacier.jpg */ = {isa = PBXFileReference; lastKnownFileType = image.jpeg; path = "Franz Josef Glacier.jpg"; sourceTree = "<group>"; };
		3AE73D9A18326C2000AD06AD /* Glenorchy Walkway.JPG */ = {isa = PBXFileReference; lastKnownFileType = image.jpeg; path = "Glenorchy Walkway.JPG"; sourceTree = "<group>"; };
		3AE73D9B18326C2000AD06AD /* Glenorchy:Otago 2.JPG */ = {isa = PBXFileReference; lastKnownFileType = image.jpeg; path = "Glenorchy:Otago 2.JPG"; sourceTree = "<group>"; };
		3AE73D9C18326C2000AD06AD /* Glenorchy:Otago.JPG */ = {isa = PBXFileReference; lastKnownFileType = image.jpeg; path = "Glenorchy:Otago.JPG"; sourceTree = "<group>"; };
		3AE73D9D18326C2000AD06AD /* Glenorchy:Weg zum Diamond Lake.JPG */ = {isa = PBXFileReference; lastKnownFileType = image.jpeg; path = "Glenorchy:Weg zum Diamond Lake.JPG"; sourceTree = "<group>"; };
		3AE73D9E18326C2000AD06AD /* Haast Highway 2.JPG */ = {isa = PBXFileReference; lastKnownFileType = image.jpeg; path = "Haast Highway 2.JPG"; sourceTree = "<group>"; };
		3AE73D9F18326C2000AD06AD /* Haast Highway 3.JPG */ = {isa = PBXFileReference; lastKnownFileType = image.jpeg; path = "Haast Highway 3.JPG"; sourceTree = "<group>"; };
		3AE73DA018326C2000AD06AD /* Haast Highway Blue Pools.jpg */ = {isa = PBXFileReference; lastKnownFileType = image.jpeg; path = "Haast Highway Blue Pools.jpg"; sourceTree = "<group>"; };
		3AE73DA318326C2000AD06AD /* Haast Highway.JPG */ = {isa = PBXFileReference; lastKnownFileType = image.jpeg; path = "Haast Highway.JPG"; sourceTree = "<group>"; };
		3AE73DA418326C2000AD06AD /* HamiltonGardens.JPG */ = {isa = PBXFileReference; lastKnownFileType = image.jpeg; path = HamiltonGardens.JPG; sourceTree = "<group>"; };
		3AE73DA518326C2000AD06AD /* Harcourt Park.JPG */ = {isa = PBXFileReference; lastKnownFileType = image.jpeg; path = "Harcourt Park.JPG"; sourceTree = "<group>"; };
		3AE73DA618326C2000AD06AD /* HotWaterBeach.JPG */ = {isa = PBXFileReference; lastKnownFileType = image.jpeg; path = HotWaterBeach.JPG; sourceTree = "<group>"; };
		3AE73DA718326C2000AD06AD /* Hundertwassertoiletten.JPG */ = {isa = PBXFileReference; lastKnownFileType = image.jpeg; path = Hundertwassertoiletten.JPG; sourceTree = "<group>"; };
		3AE73DA818326C2000AD06AD /* Kaikoura.JPG */ = {isa = PBXFileReference; lastKnownFileType = image.jpeg; path = Kaikoura.JPG; sourceTree = "<group>"; };
		3AE73DA918326C2000AD06AD /* Kaitoke Regional Park.JPG */ = {isa = PBXFileReference; lastKnownFileType = image.jpeg; path = "Kaitoke Regional Park.JPG"; sourceTree = "<group>"; };
		3AE73DAA18326C2000AD06AD /* Karikari Estate Weingut.JPG */ = {isa = PBXFileReference; lastKnownFileType = image.jpeg; path = "Karikari Estate Weingut.JPG"; sourceTree = "<group>"; };
		3AE73DAB18326C2000AD06AD /* Kinloch.JPG */ = {isa = PBXFileReference; lastKnownFileType = image.jpeg; path = Kinloch.JPG; sourceTree = "<group>"; };
		3AE73DAC18326C2000AD06AD /* Lake Marian.jpg */ = {isa = PBXFileReference; lastKnownFileType = image.jpeg; path = "Lake Marian.jpg"; sourceTree = "<group>"; };
		3AE73DAD18326C2000AD06AD /* LakeRotorua.JPG */ = {isa = PBXFileReference; lastKnownFileType = image.jpeg; path = LakeRotorua.JPG; sourceTree = "<group>"; };
		3AE73DAE18326C2000AD06AD /* Marlborough Sounds 2.JPG */ = {isa = PBXFileReference; lastKnownFileType = image.jpeg; path = "Marlborough Sounds 2.JPG"; sourceTree = "<group>"; };
		3AE73DAF18326C2000AD06AD /* Marlborough Sounds.JPG */ = {isa = PBXFileReference; lastKnownFileType = image.jpeg; path = "Marlborough Sounds.JPG"; sourceTree = "<group>"; };
		3AE73DB018326C2000AD06AD /* Milford Sound 2.jpg */ = {isa = PBXFileReference; lastKnownFileType = image.jpeg; path = "Milford Sound 2.jpg"; sourceTree = "<group>"; };
		3AE73DB218326C2000AD06AD /* Mount Maunganui 2.JPG */ = {isa = PBXFileReference; lastKnownFileType = image.jpeg; path = "Mount Maunganui 2.JPG"; sourceTree = "<group>"; };
		3AE73DB318326C2000AD06AD /* Mount Maunganui.JPG */ = {isa = PBXFileReference; lastKnownFileType = image.jpeg; path = "Mount Maunganui.JPG"; sourceTree = "<group>"; };
		3AE73DB418326C2000AD06AD /* Old Cromwell Town.JPG */ = {isa = PBXFileReference; lastKnownFileType = image.jpeg; path = "Old Cromwell Town.JPG"; sourceTree = "<group>"; };
		3AE73DB518326C2000AD06AD /* PihaBeach.JPG */ = {isa = PBXFileReference; lastKnownFileType = image.jpeg; path = PihaBeach.JPG; sourceTree = "<group>"; };
		3AE73DB618326C2000AD06AD /* PihaWaterfall.JPG */ = {isa = PBXFileReference; lastKnownFileType = image.jpeg; path = PihaWaterfall.JPG; sourceTree = "<group>"; };
		3AE73DB718326C2000AD06AD /* Princess Bay Parkplatz.JPG */ = {isa = PBXFileReference; lastKnownFileType = image.jpeg; path = "Princess Bay Parkplatz.JPG"; sourceTree = "<group>"; };
		3AE73DB818326C2000AD06AD /* Queenstown Jetboat.JPG */ = {isa = PBXFileReference; lastKnownFileType = image.jpeg; path = "Queenstown Jetboat.JPG"; sourceTree = "<group>"; };
		3AE73DB918326C2000AD06AD /* Queenstown.JPG */ = {isa = PBXFileReference; lastKnownFileType = image.jpeg; path = Queenstown.JPG; sourceTree = "<group>"; };
		3AE73DBA18326C2000AD06AD /* Railway Station Dunedin.JPG */ = {isa = PBXFileReference; lastKnownFileType = image.jpeg; path = "Railway Station Dunedin.JPG"; sourceTree = "<group>"; };
		3AE73DBB18326C2000AD06AD /* ruhigerStrand.JPG */ = {isa = PBXFileReference; lastKnownFileType = image.jpeg; path = ruhigerStrand.JPG; sourceTree = "<group>"; };
		3AE73DBC18326C2000AD06AD /* TongariroCrossing.JPG */ = {isa = PBXFileReference; lastKnownFileType = image.jpeg; path = TongariroCrossing.JPG; sourceTree = "<group>"; };
		3AE73DBD18326C2000AD06AD /* Wai-O-Tapu Thermal Wonderland.JPG */ = {isa = PBXFileReference; lastKnownFileType = image.jpeg; path = "Wai-O-Tapu Thermal Wonderland.JPG"; sourceTree = "<group>"; };
		3AE73DBF18326C2000AD06AD /* Wanaka Puzzling World.JPG */ = {isa = PBXFileReference; lastKnownFileType = image.jpeg; path = "Wanaka Puzzling World.JPG"; sourceTree = "<group>"; };
/* End PBXFileReference section */

/* Begin PBXFrameworksBuildPhase section */
		3A06DC601823FD8D009AE70B /* Frameworks */ = {
			isa = PBXFrameworksBuildPhase;
			buildActionMask = 2147483647;
			files = (
				3A55BFBA182AB4C5007D0B40 /* CoreData.framework in Frameworks */,
				3A06DC691823FD8D009AE70B /* CoreGraphics.framework in Frameworks */,
				3A06DC6B1823FD8D009AE70B /* UIKit.framework in Frameworks */,
				3A06DC671823FD8D009AE70B /* Foundation.framework in Frameworks */,
			);
			runOnlyForDeploymentPostprocessing = 0;
		};
		3A06DC811823FD8D009AE70B /* Frameworks */ = {
			isa = PBXFrameworksBuildPhase;
			buildActionMask = 2147483647;
			files = (
				3A06DC861823FD8D009AE70B /* XCTest.framework in Frameworks */,
				3A06DC881823FD8D009AE70B /* UIKit.framework in Frameworks */,
				3A06DC871823FD8D009AE70B /* Foundation.framework in Frameworks */,
			);
			runOnlyForDeploymentPostprocessing = 0;
		};
/* End PBXFrameworksBuildPhase section */

/* Begin PBXGroup section */
		3A06DC5A1823FD8D009AE70B = {
			isa = PBXGroup;
			children = (
				3AE73D8F18326BFE00AD06AD /* PhotosNZ */,
				3A06DC6C1823FD8D009AE70B /* NZTravellerApp */,
				3A06DCC2182438A9009AE70B /* icons */,
				3A06DCB918242904009AE70B /* screenshots */,
				3A06DCB4182401DF009AE70B /* Images */,
				3A06DCA7182401D7009AE70B /* ScrollViewsResources */,
				3A06DC8B1823FD8D009AE70B /* NZTravellerAppTests */,
				3A06DC651823FD8D009AE70B /* Frameworks */,
				3A06DC641823FD8D009AE70B /* Products */,
			);
			sourceTree = "<group>";
		};
		3A06DC641823FD8D009AE70B /* Products */ = {
			isa = PBXGroup;
			children = (
				3A06DC631823FD8D009AE70B /* NZTravellerApp.app */,
				3A06DC841823FD8D009AE70B /* NZTravellerAppTests.xctest */,
			);
			name = Products;
			sourceTree = "<group>";
		};
		3A06DC651823FD8D009AE70B /* Frameworks */ = {
			isa = PBXGroup;
			children = (
				3A55BFB9182AB4C5007D0B40 /* CoreData.framework */,
				3A06DC661823FD8D009AE70B /* Foundation.framework */,
				3A06DC681823FD8D009AE70B /* CoreGraphics.framework */,
				3A06DC6A1823FD8D009AE70B /* UIKit.framework */,
				3A06DC851823FD8D009AE70B /* XCTest.framework */,
			);
			name = Frameworks;
			sourceTree = "<group>";
		};
		3A06DC6C1823FD8D009AE70B /* NZTravellerApp */ = {
			isa = PBXGroup;
			children = (
				3AAE21BB182C18EA007C6AB8 /* CoreDataTutorial2.sqlite */,
				3A06DC7E1823FD8D009AE70B /* Images.xcassets */,
				3A06DC781823FD8D009AE70B /* Main.storyboard */,
				3A55BFBB182AB714007D0B40 /* NZTravellerApp.xcdatamodeld */,
				3A06DC9B1823FDF0009AE70B /* CustomScrollViewController.h */,
				3A06DC9C1823FDF0009AE70B /* CustomScrollViewController.m */,
				3AAE21BD18316B82007C6AB8 /* ImageScrollViewController.h */,
				3AAE21BE18316B82007C6AB8 /* ImageScrollViewController.m */,
				3AAE2169182AF00F007C6AB8 /* NZDetailViewController.h */,
				3AAE216A182AF00F007C6AB8 /* NZDetailViewController.m */,
				3A06DC751823FD8D009AE70B /* AppDelegate.h */,
				3A06DC761823FD8D009AE70B /* AppDelegate.m */,
				3A55C014182AC97A007D0B40 /* FirstTableViewController.h */,
				3A55C015182AC97A007D0B40 /* FirstTableViewController.m */,
				3A06DCA41823FE64009AE70B /* ScrollViewController.h */,
				3A06DCA51823FE64009AE70B /* ScrollViewController.m */,
				3A55BFC4182AC0C9007D0B40 /* NZTravellerDetails.h */,
				3A55BFC5182AC0C9007D0B40 /* NZTravellerDetails.m */,
				3A55BFC7182AC0CA007D0B40 /* NZTravellerPOI.h */,
				3A55BFC8182AC0CA007D0B40 /* NZTravellerPOI.m */,
				3A06DC6D1823FD8D009AE70B /* Supporting Files */,
			);
			path = NZTravellerApp;
			sourceTree = "<group>";
		};
		3A06DC6D1823FD8D009AE70B /* Supporting Files */ = {
			isa = PBXGroup;
			children = (
				3A06DC6E1823FD8D009AE70B /* NZTravellerApp-Info.plist */,
				3A06DC6F1823FD8D009AE70B /* InfoPlist.strings */,
				3A06DC721823FD8D009AE70B /* main.m */,
				3A06DC741823FD8D009AE70B /* NZTravellerApp-Prefix.pch */,
			);
			name = "Supporting Files";
			sourceTree = "<group>";
		};
		3A06DC8B1823FD8D009AE70B /* NZTravellerAppTests */ = {
			isa = PBXGroup;
			children = (
				3A06DC911823FD8D009AE70B /* NZTravellerAppTests.m */,
				3A06DC8C1823FD8D009AE70B /* Supporting Files */,
			);
			path = NZTravellerAppTests;
			sourceTree = "<group>";
		};
		3A06DC8C1823FD8D009AE70B /* Supporting Files */ = {
			isa = PBXGroup;
			children = (
				3A06DC8D1823FD8D009AE70B /* NZTravellerAppTests-Info.plist */,
				3A06DC8E1823FD8D009AE70B /* InfoPlist.strings */,
			);
			name = "Supporting Files";
			sourceTree = "<group>";
		};
		3A06DCA7182401D7009AE70B /* ScrollViewsResources */ = {
			isa = PBXGroup;
			children = (
				3A06DCA8182401D7009AE70B /* photo1.png */,
				3A06DCA9182401D7009AE70B /* photo2.png */,
				3A06DCAA182401D7009AE70B /* photo3.png */,
				3A06DCAB182401D7009AE70B /* photo4.png */,
				3A06DCAC182401D7009AE70B /* photo5.png */,
				3A06DCAD182401D7009AE70B /* slow.png */,
			);
			path = ScrollViewsResources;
			sourceTree = "<group>";
		};
		3A06DCB4182401DF009AE70B /* Images */ = {
			isa = PBXGroup;
			children = (
				3A06DCB718240809009AE70B /* Star.png */,
				3A06DCF8182448F1009AE70B /* NewZealandMap.pdf */,
				3A06DCE018244195009AE70B /* NewZealandMapK.png */,
				3A06DCE4182442B5009AE70B /* NewZealandMapKM.png */,
				3A06DCE218244222009AE70B /* NewZealandMapM.png */,
				3A06DCE618244360009AE70B /* NewZealandMapKMM.png */,
				3A06DCB5182401DF009AE70B /* NewZealandMap.png */,
			);
			path = Images;
			sourceTree = "<group>";
		};
		3A06DCB918242904009AE70B /* screenshots */ = {
			isa = PBXGroup;
			children = (
				3A06DCBA18242904009AE70B /* first.png */,
				3A06DCBB18242904009AE70B /* gallery.png */,
				3A06DCBC18242904009AE70B /* information.png */,
				3A06DCBD18242904009AE70B /* map.png */,
			);
			path = screenshots;
			sourceTree = "<group>";
		};
		3A06DCC2182438A9009AE70B /* icons */ = {
			isa = PBXGroup;
			children = (
				3A06DCDC18243C0E009AE70B /* Icon76pt.png */,
				3A06DCDD18243C0E009AE70B /* Icon76pt@2x.png */,
				3A06DCC3182438A9009AE70B /* Icon-72.png */,
				3A06DCD318243AA5009AE70B /* Icon-Med.png */,
				3A06DCD418243AA5009AE70B /* Icon-Med@2x.png */,
				3A06DCC4182438A9009AE70B /* Icon-72@2x.png */,
				3A06DCC5182438A9009AE70B /* Icon-Small-50.png */,
				3A06DCC6182438A9009AE70B /* Icon-Small-50@2x.png */,
				3A06DCC7182438A9009AE70B /* Icon-Small.png */,
				3A06DCC8182438A9009AE70B /* Icon-Small@2x.png */,
				3A06DCD818243B2F009AE70B /* Icon60pt.png */,
				3A06DCDA18243B6D009AE70B /* Icon60pt@2x.png */,
				3A06DCC9182438A9009AE70B /* Icon.png */,
				3A06DCCA182438A9009AE70B /* Icon@2x.png */,
			);
			path = icons;
			sourceTree = "<group>";
		};
		3AE73D8F18326BFE00AD06AD /* PhotosNZ */ = {
			isa = PBXGroup;
			children = (
				3AE73D9018326C2000AD06AD /* Arataki Visitor Centre.JPG */,
				3AE73D9118326C2000AD06AD /* Baldwind St (Steilste Str).JPG */,
				3AE73D9218326C2000AD06AD /* BethellsBeach.jpg */,
				3AE73D9318326C2000AD06AD /* Cape Palliser LightHouse.JPG */,
				3AE73D9418326C2000AD06AD /* Cape Palliser Seal Colony.JPG */,
				3AE73D9518326C2000AD06AD /* CapeReinga.JPG */,
				3AE73D9618326C2000AD06AD /* CathedralCove.JPG */,
				3AE73D9718326C2000AD06AD /* East Cape 2.JPG */,
				3AE73D9818326C2000AD06AD /* East Cape.JPG */,
				3AE73D9918326C2000AD06AD /* Franz Josef Glacier.jpg */,
				3AE73D9A18326C2000AD06AD /* Glenorchy Walkway.JPG */,
				3AE73D9B18326C2000AD06AD /* Glenorchy:Otago 2.JPG */,
				3AE73D9C18326C2000AD06AD /* Glenorchy:Otago.JPG */,
				3AE73D9D18326C2000AD06AD /* Glenorchy:Weg zum Diamond Lake.JPG */,
				3AE73D9E18326C2000AD06AD /* Haast Highway 2.JPG */,
				3AE73D9F18326C2000AD06AD /* Haast Highway 3.JPG */,
				3AE73DA018326C2000AD06AD /* Haast Highway Blue Pools.jpg */,
				3AE73DA318326C2000AD06AD /* Haast Highway.JPG */,
				3AE73DA418326C2000AD06AD /* HamiltonGardens.JPG */,
				3AE73DA518326C2000AD06AD /* Harcourt Park.JPG */,
				3AE73DA618326C2000AD06AD /* HotWaterBeach.JPG */,
				3AE73DA718326C2000AD06AD /* Hundertwassertoiletten.JPG */,
				3AE73DA818326C2000AD06AD /* Kaikoura.JPG */,
				3AE73DA918326C2000AD06AD /* Kaitoke Regional Park.JPG */,
				3AE73DAA18326C2000AD06AD /* Karikari Estate Weingut.JPG */,
				3AE73DAB18326C2000AD06AD /* Kinloch.JPG */,
				3AE73DAC18326C2000AD06AD /* Lake Marian.jpg */,
				3AE73DAD18326C2000AD06AD /* LakeRotorua.JPG */,
				3AE73DAE18326C2000AD06AD /* Marlborough Sounds 2.JPG */,
				3AE73DAF18326C2000AD06AD /* Marlborough Sounds.JPG */,
				3AE73DB018326C2000AD06AD /* Milford Sound 2.jpg */,
				3AE73DB218326C2000AD06AD /* Mount Maunganui 2.JPG */,
				3AE73DB318326C2000AD06AD /* Mount Maunganui.JPG */,
				3AE73DB418326C2000AD06AD /* Old Cromwell Town.JPG */,
				3AE73DB518326C2000AD06AD /* PihaBeach.JPG */,
				3AE73DB618326C2000AD06AD /* PihaWaterfall.JPG */,
				3AE73DB718326C2000AD06AD /* Princess Bay Parkplatz.JPG */,
				3AE73DB818326C2000AD06AD /* Queenstown Jetboat.JPG */,
				3AE73DB918326C2000AD06AD /* Queenstown.JPG */,
				3AE73DBA18326C2000AD06AD /* Railway Station Dunedin.JPG */,
				3AE73DBB18326C2000AD06AD /* ruhigerStrand.JPG */,
				3AE73DBC18326C2000AD06AD /* TongariroCrossing.JPG */,
				3AE73DBD18326C2000AD06AD /* Wai-O-Tapu Thermal Wonderland.JPG */,
				3AE73DBF18326C2000AD06AD /* Wanaka Puzzling World.JPG */,
			);
			name = PhotosNZ;
			sourceTree = "<group>";
		};
/* End PBXGroup section */

/* Begin PBXNativeTarget section */
		3A06DC621823FD8D009AE70B /* NZTravellerApp */ = {
			isa = PBXNativeTarget;
			buildConfigurationList = 3A06DC951823FD8D009AE70B /* Build configuration list for PBXNativeTarget "NZTravellerApp" */;
			buildPhases = (
				3A06DC5F1823FD8D009AE70B /* Sources */,
				3A06DC601823FD8D009AE70B /* Frameworks */,
				3A06DC611823FD8D009AE70B /* Resources */,
			);
			buildRules = (
			);
			dependencies = (
			);
			name = NZTravellerApp;
			productName = NZTravellerApp;
			productReference = 3A06DC631823FD8D009AE70B /* NZTravellerApp.app */;
			productType = "com.apple.product-type.application";
		};
		3A06DC831823FD8D009AE70B /* NZTravellerAppTests */ = {
			isa = PBXNativeTarget;
			buildConfigurationList = 3A06DC981823FD8D009AE70B /* Build configuration list for PBXNativeTarget "NZTravellerAppTests" */;
			buildPhases = (
				3A06DC801823FD8D009AE70B /* Sources */,
				3A06DC811823FD8D009AE70B /* Frameworks */,
				3A06DC821823FD8D009AE70B /* Resources */,
			);
			buildRules = (
			);
			dependencies = (
				3A06DC8A1823FD8D009AE70B /* PBXTargetDependency */,
			);
			name = NZTravellerAppTests;
			productName = NZTravellerAppTests;
			productReference = 3A06DC841823FD8D009AE70B /* NZTravellerAppTests.xctest */;
			productType = "com.apple.product-type.bundle.unit-test";
		};
/* End PBXNativeTarget section */

/* Begin PBXProject section */
		3A06DC5B1823FD8D009AE70B /* Project object */ = {
			isa = PBXProject;
			attributes = {
				LastUpgradeCheck = 0500;
				ORGANIZATIONNAME = "Frederike Schmitz";
				TargetAttributes = {
					3A06DC831823FD8D009AE70B = {
						TestTargetID = 3A06DC621823FD8D009AE70B;
					};
				};
			};
			buildConfigurationList = 3A06DC5E1823FD8D009AE70B /* Build configuration list for PBXProject "NZTravellerApp" */;
			compatibilityVersion = "Xcode 3.2";
			developmentRegion = English;
			hasScannedForEncodings = 0;
			knownRegions = (
				en,
				Base,
			);
			mainGroup = 3A06DC5A1823FD8D009AE70B;
			productRefGroup = 3A06DC641823FD8D009AE70B /* Products */;
			projectDirPath = "";
			projectRoot = "";
			targets = (
				3A06DC621823FD8D009AE70B /* NZTravellerApp */,
				3A06DC831823FD8D009AE70B /* NZTravellerAppTests */,
			);
		};
/* End PBXProject section */

/* Begin PBXResourcesBuildPhase section */
		3A06DC611823FD8D009AE70B /* Resources */ = {
			isa = PBXResourcesBuildPhase;
			buildActionMask = 2147483647;
			files = (
				3AE73DEC18326C2000AD06AD /* TongariroCrossing.JPG in Resources */,
				3AE73DE318326C2000AD06AD /* Mount Maunganui.JPG in Resources */,
				3A06DCBE18242904009AE70B /* first.png in Resources */,
				3AE73DD918326C2000AD06AD /* Kaitoke Regional Park.JPG in Resources */,
				3A06DCB818240809009AE70B /* Star.png in Resources */,
				3AE73DEB18326C2000AD06AD /* ruhigerStrand.JPG in Resources */,
				3AE73DC418326C2000AD06AD /* Cape Palliser Seal Colony.JPG in Resources */,
				3AE73DE618326C2000AD06AD /* PihaWaterfall.JPG in Resources */,
				3AE73DE818326C2000AD06AD /* Queenstown Jetboat.JPG in Resources */,
				3AE73DCD18326C2000AD06AD /* Glenorchy:Weg zum Diamond Lake.JPG in Resources */,
				3A06DCB1182401D7009AE70B /* photo4.png in Resources */,
				3AE73DE718326C2000AD06AD /* Princess Bay Parkplatz.JPG in Resources */,
				3AE73DCB18326C2000AD06AD /* Glenorchy:Otago 2.JPG in Resources */,
				3AE73DDE18326C2000AD06AD /* Marlborough Sounds 2.JPG in Resources */,
				3AE73DD018326C2000AD06AD /* Haast Highway Blue Pools.jpg in Resources */,
				3AE73DDD18326C2000AD06AD /* LakeRotorua.JPG in Resources */,
				3A06DCCD182438A9009AE70B /* Icon-Small-50.png in Resources */,
				3A06DCAF182401D7009AE70B /* photo2.png in Resources */,
				3A06DCE5182442B5009AE70B /* NewZealandMapKM.png in Resources */,
				3A06DCDE18243C0E009AE70B /* Icon76pt.png in Resources */,
				3A06DCBF18242904009AE70B /* gallery.png in Resources */,
				3AE73DE518326C2000AD06AD /* PihaBeach.JPG in Resources */,
				3AE73DC218326C2000AD06AD /* BethellsBeach.jpg in Resources */,
				3A06DCF9182448F1009AE70B /* NewZealandMap.pdf in Resources */,
				3A06DCD0182438A9009AE70B /* Icon-Small@2x.png in Resources */,
				3AE73DC518326C2000AD06AD /* CapeReinga.JPG in Resources */,
				3AE73DE918326C2000AD06AD /* Queenstown.JPG in Resources */,
				3A06DCCC182438A9009AE70B /* Icon-72@2x.png in Resources */,
				3A06DCD1182438A9009AE70B /* Icon.png in Resources */,
				3AE73DE018326C2000AD06AD /* Milford Sound 2.jpg in Resources */,
				3A06DCD2182438A9009AE70B /* Icon@2x.png in Resources */,
				3A06DCB3182401D7009AE70B /* slow.png in Resources */,
				3AE73DC618326C2000AD06AD /* CathedralCove.JPG in Resources */,
				3AE73DC818326C2000AD06AD /* East Cape.JPG in Resources */,
				3A06DCCF182438A9009AE70B /* Icon-Small.png in Resources */,
				3AE73DDF18326C2000AD06AD /* Marlborough Sounds.JPG in Resources */,
				3A06DCDF18243C0E009AE70B /* Icon76pt@2x.png in Resources */,
				3A06DCDB18243B6D009AE70B /* Icon60pt@2x.png in Resources */,
				3AE73DD818326C2000AD06AD /* Kaikoura.JPG in Resources */,
				3AAE21BC182C18EA007C6AB8 /* CoreDataTutorial2.sqlite in Resources */,
				3A06DCE318244222009AE70B /* NewZealandMapM.png in Resources */,
				3A06DCCE182438A9009AE70B /* Icon-Small-50@2x.png in Resources */,
				3AE73DEA18326C2000AD06AD /* Railway Station Dunedin.JPG in Resources */,
				3A06DCAE182401D7009AE70B /* photo1.png in Resources */,
				3AE73DD518326C2000AD06AD /* Harcourt Park.JPG in Resources */,
				3A06DCE118244195009AE70B /* NewZealandMapK.png in Resources */,
				3AE73DCA18326C2000AD06AD /* Glenorchy Walkway.JPG in Resources */,
				3A06DC7F1823FD8D009AE70B /* Images.xcassets in Resources */,
				3AE73DC018326C2000AD06AD /* Arataki Visitor Centre.JPG in Resources */,
				3AE73DC718326C2000AD06AD /* East Cape 2.JPG in Resources */,
				3A06DCE718244360009AE70B /* NewZealandMapKMM.png in Resources */,
				3AE73DCC18326C2000AD06AD /* Glenorchy:Otago.JPG in Resources */,
				3A06DCB6182401DF009AE70B /* NewZealandMap.png in Resources */,
				3AE73DCF18326C2000AD06AD /* Haast Highway 3.JPG in Resources */,
				3A06DCC118242904009AE70B /* map.png in Resources */,
				3A06DCB2182401D7009AE70B /* photo5.png in Resources */,
				3AE73DED18326C2000AD06AD /* Wai-O-Tapu Thermal Wonderland.JPG in Resources */,
				3AE73DCE18326C2000AD06AD /* Haast Highway 2.JPG in Resources */,
				3AE73DDB18326C2000AD06AD /* Kinloch.JPG in Resources */,
				3A06DCD618243AA5009AE70B /* Icon-Med@2x.png in Resources */,
				3AE73DD318326C2000AD06AD /* Haast Highway.JPG in Resources */,
				3A06DCC018242904009AE70B /* information.png in Resources */,
				3A06DCD518243AA5009AE70B /* Icon-Med.png in Resources */,
				3AE73DE218326C2000AD06AD /* Mount Maunganui 2.JPG in Resources */,
				3AE73DDC18326C2000AD06AD /* Lake Marian.jpg in Resources */,
				3A06DC711823FD8D009AE70B /* InfoPlist.strings in Resources */,
				3AE73DDA18326C2000AD06AD /* Karikari Estate Weingut.JPG in Resources */,
				3AE73DD618326C2000AD06AD /* HotWaterBeach.JPG in Resources */,
				3A06DCD918243B2F009AE70B /* Icon60pt.png in Resources */,
				3A06DCCB182438A9009AE70B /* Icon-72.png in Resources */,
				3AE73DE418326C2000AD06AD /* Old Cromwell Town.JPG in Resources */,
				3AE73DD418326C2000AD06AD /* HamiltonGardens.JPG in Resources */,
				3AE73DC118326C2000AD06AD /* Baldwind St (Steilste Str).JPG in Resources */,
				3A06DCB0182401D7009AE70B /* photo3.png in Resources */,
				3A06DC7A1823FD8D009AE70B /* Main.storyboard in Resources */,
				3AE73DEF18326C2000AD06AD /* Wanaka Puzzling World.JPG in Resources */,
				3AE73DD718326C2000AD06AD /* Hundertwassertoiletten.JPG in Resources */,
				3AE73DC918326C2000AD06AD /* Franz Josef Glacier.jpg in Resources */,
				3AE73DC318326C2000AD06AD /* Cape Palliser LightHouse.JPG in Resources */,
			);
			runOnlyForDeploymentPostprocessing = 0;
		};
		3A06DC821823FD8D009AE70B /* Resources */ = {
			isa = PBXResourcesBuildPhase;
			buildActionMask = 2147483647;
			files = (
				3A06DC901823FD8D009AE70B /* InfoPlist.strings in Resources */,
			);
			runOnlyForDeploymentPostprocessing = 0;
		};
/* End PBXResourcesBuildPhase section */

/* Begin PBXSourcesBuildPhase section */
		3A06DC5F1823FD8D009AE70B /* Sources */ = {
			isa = PBXSourcesBuildPhase;
			buildActionMask = 2147483647;
			files = (
				3AAE21BF18316B82007C6AB8 /* ImageScrollViewController.m in Sources */,
				3A06DCA61823FE64009AE70B /* ScrollViewController.m in Sources */,
				3A06DC9D1823FDF0009AE70B /* CustomScrollViewController.m in Sources */,
				3A06DC771823FD8D009AE70B /* AppDelegate.m in Sources */,
				3A55BFC9182AC0CA007D0B40 /* NZTravellerPOI.m in Sources */,
				3A06DC731823FD8D009AE70B /* main.m in Sources */,
				3A55BFC6182AC0C9007D0B40 /* NZTravellerDetails.m in Sources */,
				3A55BFBD182AB714007D0B40 /* NZTravellerApp.xcdatamodeld in Sources */,
				3A55C016182AC97A007D0B40 /* FirstTableViewController.m in Sources */,
				3AAE216B182AF00F007C6AB8 /* NZDetailViewController.m in Sources */,
			);
			runOnlyForDeploymentPostprocessing = 0;
		};
		3A06DC801823FD8D009AE70B /* Sources */ = {
			isa = PBXSourcesBuildPhase;
			buildActionMask = 2147483647;
			files = (
				3A06DC921823FD8D009AE70B /* NZTravellerAppTests.m in Sources */,
			);
			runOnlyForDeploymentPostprocessing = 0;
		};
/* End PBXSourcesBuildPhase section */

/* Begin PBXTargetDependency section */
		3A06DC8A1823FD8D009AE70B /* PBXTargetDependency */ = {
			isa = PBXTargetDependency;
			target = 3A06DC621823FD8D009AE70B /* NZTravellerApp */;
			targetProxy = 3A06DC891823FD8D009AE70B /* PBXContainerItemProxy */;
		};
/* End PBXTargetDependency section */

/* Begin PBXVariantGroup section */
		3A06DC6F1823FD8D009AE70B /* InfoPlist.strings */ = {
			isa = PBXVariantGroup;
			children = (
				3A06DC701823FD8D009AE70B /* en */,
			);
			name = InfoPlist.strings;
			sourceTree = "<group>";
		};
		3A06DC781823FD8D009AE70B /* Main.storyboard */ = {
			isa = PBXVariantGroup;
			children = (
				3A06DC791823FD8D009AE70B /* Base */,
			);
			name = Main.storyboard;
			sourceTree = "<group>";
		};
		3A06DC8E1823FD8D009AE70B /* InfoPlist.strings */ = {
			isa = PBXVariantGroup;
			children = (
				3A06DC8F1823FD8D009AE70B /* en */,
			);
			name = InfoPlist.strings;
			sourceTree = "<group>";
		};
/* End PBXVariantGroup section */

/* Begin XCBuildConfiguration section */
		3A06DC931823FD8D009AE70B /* Debug */ = {
			isa = XCBuildConfiguration;
			buildSettings = {
				ALWAYS_SEARCH_USER_PATHS = NO;
				ARCHS = "$(ARCHS_STANDARD_INCLUDING_64_BIT)";
				CLANG_CXX_LANGUAGE_STANDARD = "gnu++0x";
				CLANG_CXX_LIBRARY = "libc++";
				CLANG_ENABLE_MODULES = YES;
				CLANG_ENABLE_OBJC_ARC = YES;
				CLANG_WARN_BOOL_CONVERSION = YES;
				CLANG_WARN_CONSTANT_CONVERSION = YES;
				CLANG_WARN_DIRECT_OBJC_ISA_USAGE = YES_ERROR;
				CLANG_WARN_EMPTY_BODY = YES;
				CLANG_WARN_ENUM_CONVERSION = YES;
				CLANG_WARN_INT_CONVERSION = YES;
				CLANG_WARN_OBJC_ROOT_CLASS = YES_ERROR;
				CLANG_WARN__DUPLICATE_METHOD_MATCH = YES;
				"CODE_SIGN_IDENTITY[sdk=iphoneos*]" = "iPhone Developer";
				COPY_PHASE_STRIP = NO;
				GCC_C_LANGUAGE_STANDARD = gnu99;
				GCC_DYNAMIC_NO_PIC = NO;
				GCC_OPTIMIZATION_LEVEL = 0;
				GCC_PREPROCESSOR_DEFINITIONS = (
					"DEBUG=1",
					"$(inherited)",
				);
				GCC_SYMBOLS_PRIVATE_EXTERN = NO;
				GCC_WARN_64_TO_32_BIT_CONVERSION = YES;
				GCC_WARN_ABOUT_RETURN_TYPE = YES_ERROR;
				GCC_WARN_UNDECLARED_SELECTOR = YES;
				GCC_WARN_UNINITIALIZED_AUTOS = YES;
				GCC_WARN_UNUSED_FUNCTION = YES;
				GCC_WARN_UNUSED_VARIABLE = YES;
				IPHONEOS_DEPLOYMENT_TARGET = 7.0;
				ONLY_ACTIVE_ARCH = YES;
				SDKROOT = iphoneos;
			};
			name = Debug;
		};
		3A06DC941823FD8D009AE70B /* Release */ = {
			isa = XCBuildConfiguration;
			buildSettings = {
				ALWAYS_SEARCH_USER_PATHS = NO;
				ARCHS = "$(ARCHS_STANDARD_INCLUDING_64_BIT)";
				CLANG_CXX_LANGUAGE_STANDARD = "gnu++0x";
				CLANG_CXX_LIBRARY = "libc++";
				CLANG_ENABLE_MODULES = YES;
				CLANG_ENABLE_OBJC_ARC = YES;
				CLANG_WARN_BOOL_CONVERSION = YES;
				CLANG_WARN_CONSTANT_CONVERSION = YES;
				CLANG_WARN_DIRECT_OBJC_ISA_USAGE = YES_ERROR;
				CLANG_WARN_EMPTY_BODY = YES;
				CLANG_WARN_ENUM_CONVERSION = YES;
				CLANG_WARN_INT_CONVERSION = YES;
				CLANG_WARN_OBJC_ROOT_CLASS = YES_ERROR;
				CLANG_WARN__DUPLICATE_METHOD_MATCH = YES;
				"CODE_SIGN_IDENTITY[sdk=iphoneos*]" = "iPhone Developer";
				COPY_PHASE_STRIP = YES;
				ENABLE_NS_ASSERTIONS = NO;
				GCC_C_LANGUAGE_STANDARD = gnu99;
				GCC_WARN_64_TO_32_BIT_CONVERSION = YES;
				GCC_WARN_ABOUT_RETURN_TYPE = YES_ERROR;
				GCC_WARN_UNDECLARED_SELECTOR = YES;
				GCC_WARN_UNINITIALIZED_AUTOS = YES;
				GCC_WARN_UNUSED_FUNCTION = YES;
				GCC_WARN_UNUSED_VARIABLE = YES;
				IPHONEOS_DEPLOYMENT_TARGET = 7.0;
				SDKROOT = iphoneos;
				VALIDATE_PRODUCT = YES;
			};
			name = Release;
		};
		3A06DC961823FD8D009AE70B /* Debug */ = {
			isa = XCBuildConfiguration;
			buildSettings = {
				ASSETCATALOG_COMPILER_APPICON_NAME = AppIcon;
				ASSETCATALOG_COMPILER_LAUNCHIMAGE_NAME = LaunchImage;
				GCC_PRECOMPILE_PREFIX_HEADER = YES;
				GCC_PREFIX_HEADER = "NZTravellerApp/NZTravellerApp-Prefix.pch";
				INFOPLIST_FILE = "NZTravellerApp/NZTravellerApp-Info.plist";
				PRODUCT_NAME = "$(TARGET_NAME)";
				WRAPPER_EXTENSION = app;
			};
			name = Debug;
		};
		3A06DC971823FD8D009AE70B /* Release */ = {
			isa = XCBuildConfiguration;
			buildSettings = {
				ASSETCATALOG_COMPILER_APPICON_NAME = AppIcon;
				ASSETCATALOG_COMPILER_LAUNCHIMAGE_NAME = LaunchImage;
				GCC_PRECOMPILE_PREFIX_HEADER = YES;
				GCC_PREFIX_HEADER = "NZTravellerApp/NZTravellerApp-Prefix.pch";
				INFOPLIST_FILE = "NZTravellerApp/NZTravellerApp-Info.plist";
				PRODUCT_NAME = "$(TARGET_NAME)";
				WRAPPER_EXTENSION = app;
			};
			name = Release;
		};
		3A06DC991823FD8D009AE70B /* Debug */ = {
			isa = XCBuildConfiguration;
			buildSettings = {
				ARCHS = "$(ARCHS_STANDARD_INCLUDING_64_BIT)";
				BUNDLE_LOADER = "$(BUILT_PRODUCTS_DIR)/NZTravellerApp.app/NZTravellerApp";
				FRAMEWORK_SEARCH_PATHS = (
					"$(SDKROOT)/Developer/Library/Frameworks",
					"$(inherited)",
					"$(DEVELOPER_FRAMEWORKS_DIR)",
				);
				GCC_PRECOMPILE_PREFIX_HEADER = YES;
				GCC_PREFIX_HEADER = "NZTravellerApp/NZTravellerApp-Prefix.pch";
				GCC_PREPROCESSOR_DEFINITIONS = (
					"DEBUG=1",
					"$(inherited)",
				);
				INFOPLIST_FILE = "NZTravellerAppTests/NZTravellerAppTests-Info.plist";
				PRODUCT_NAME = "$(TARGET_NAME)";
				TEST_HOST = "$(BUNDLE_LOADER)";
				WRAPPER_EXTENSION = xctest;
			};
			name = Debug;
		};
		3A06DC9A1823FD8D009AE70B /* Release */ = {
			isa = XCBuildConfiguration;
			buildSettings = {
				ARCHS = "$(ARCHS_STANDARD_INCLUDING_64_BIT)";
				BUNDLE_LOADER = "$(BUILT_PRODUCTS_DIR)/NZTravellerApp.app/NZTravellerApp";
				FRAMEWORK_SEARCH_PATHS = (
					"$(SDKROOT)/Developer/Library/Frameworks",
					"$(inherited)",
					"$(DEVELOPER_FRAMEWORKS_DIR)",
				);
				GCC_PRECOMPILE_PREFIX_HEADER = YES;
				GCC_PREFIX_HEADER = "NZTravellerApp/NZTravellerApp-Prefix.pch";
				INFOPLIST_FILE = "NZTravellerAppTests/NZTravellerAppTests-Info.plist";
				PRODUCT_NAME = "$(TARGET_NAME)";
				TEST_HOST = "$(BUNDLE_LOADER)";
				WRAPPER_EXTENSION = xctest;
			};
			name = Release;
		};
/* End XCBuildConfiguration section */

/* Begin XCConfigurationList section */
		3A06DC5E1823FD8D009AE70B /* Build configuration list for PBXProject "NZTravellerApp" */ = {
			isa = XCConfigurationList;
			buildConfigurations = (
				3A06DC931823FD8D009AE70B /* Debug */,
				3A06DC941823FD8D009AE70B /* Release */,
			);
			defaultConfigurationIsVisible = 0;
			defaultConfigurationName = Release;
		};
		3A06DC951823FD8D009AE70B /* Build configuration list for PBXNativeTarget "NZTravellerApp" */ = {
			isa = XCConfigurationList;
			buildConfigurations = (
				3A06DC961823FD8D009AE70B /* Debug */,
				3A06DC971823FD8D009AE70B /* Release */,
			);
			defaultConfigurationIsVisible = 0;
			defaultConfigurationName = Release;
		};
		3A06DC981823FD8D009AE70B /* Build configuration list for PBXNativeTarget "NZTravellerAppTests" */ = {
			isa = XCConfigurationList;
			buildConfigurations = (
				3A06DC991823FD8D009AE70B /* Debug */,
				3A06DC9A1823FD8D009AE70B /* Release */,
			);
			defaultConfigurationIsVisible = 0;
			defaultConfigurationName = Release;
		};
/* End XCConfigurationList section */

/* Begin XCVersionGroup section */
		3A55BFBB182AB714007D0B40 /* NZTravellerApp.xcdatamodeld */ = {
			isa = XCVersionGroup;
			children = (
				3A55BFBC182AB714007D0B40 /* NZTravellerApp.xcdatamodel */,
			);
			currentVersion = 3A55BFBC182AB714007D0B40 /* NZTravellerApp.xcdatamodel */;
			path = NZTravellerApp.xcdatamodeld;
			sourceTree = "<group>";
			versionGroupType = wrapper.xcdatamodel;
		};
/* End XCVersionGroup section */
	};
	rootObject = 3A06DC5B1823FD8D009AE70B /* Project object */;
}
