// !$*UTF8*$!
{
	archiveVersion = 1;
	classes = {
	};
	objectVersion = 46;
	objects = {

/* Begin PBXBuildFile section */
		3A0620AB183643CC005EE43E /* NZCoreData.sqlite in Resources */ = {isa = PBXBuildFile; fileRef = 3A0620AA183643CC005EE43E /* NZCoreData.sqlite */; };
		3A06DC671823FD8D009AE70B /* Foundation.framework in Frameworks */ = {isa = PBXBuildFile; fileRef = 3A06DC661823FD8D009AE70B /* Foundation.framework */; };
		3A06DC691823FD8D009AE70B /* CoreGraphics.framework in Frameworks */ = {isa = PBXBuildFile; fileRef = 3A06DC681823FD8D009AE70B /* CoreGraphics.framework */; };
		3A06DC6B1823FD8D009AE70B /* UIKit.framework in Frameworks */ = {isa = PBXBuildFile; fileRef = 3A06DC6A1823FD8D009AE70B /* UIKit.framework */; };
		3A06DC711823FD8D009AE70B /* InfoPlist.strings in Resources */ = {isa = PBXBuildFile; fileRef = 3A06DC6F1823FD8D009AE70B /* InfoPlist.strings */; };
		3A06DC731823FD8D009AE70B /* main.m in Sources */ = {isa = PBXBuildFile; fileRef = 3A06DC721823FD8D009AE70B /* main.m */; };
		3A06DC771823FD8D009AE70B /* AppDelegate.m in Sources */ = {isa = PBXBuildFile; fileRef = 3A06DC761823FD8D009AE70B /* AppDelegate.m */; };
		3A06DC7A1823FD8D009AE70B /* Main.storyboard in Resources */ = {isa = PBXBuildFile; fileRef = 3A06DC781823FD8D009AE70B /* Main.storyboard */; };
		3A06DC7F1823FD8D009AE70B /* Images.xcassets in Resources */ = {isa = PBXBuildFile; fileRef = 3A06DC7E1823FD8D009AE70B /* Images.xcassets */; };
		3A06DC861823FD8D009AE70B /* XCTest.framework in Frameworks */ = {isa = PBXBuildFile; fileRef = 3A06DC851823FD8D009AE70B /* XCTest.framework */; };
		3A06DC871823FD8D009AE70B /* Foundation.framework in Frameworks */ = {isa = PBXBuildFile; fileRef = 3A06DC661823FD8D009AE70B /* Foundation.framework */; };
		3A06DC881823FD8D009AE70B /* UIKit.framework in Frameworks */ = {isa = PBXBuildFile; fileRef = 3A06DC6A1823FD8D009AE70B /* UIKit.framework */; };
		3A06DC901823FD8D009AE70B /* InfoPlist.strings in Resources */ = {isa = PBXBuildFile; fileRef = 3A06DC8E1823FD8D009AE70B /* InfoPlist.strings */; };
		3A06DC921823FD8D009AE70B /* NZTravellerAppTests.m in Sources */ = {isa = PBXBuildFile; fileRef = 3A06DC911823FD8D009AE70B /* NZTravellerAppTests.m */; };
		3A06DC9D1823FDF0009AE70B /* CustomScrollViewController.m in Sources */ = {isa = PBXBuildFile; fileRef = 3A06DC9C1823FDF0009AE70B /* CustomScrollViewController.m */; };
		3A06DCA61823FE64009AE70B /* ScrollViewController.m in Sources */ = {isa = PBXBuildFile; fileRef = 3A06DCA51823FE64009AE70B /* ScrollViewController.m */; };
		3A06DCB6182401DF009AE70B /* NewZealandMap.png in Resources */ = {isa = PBXBuildFile; fileRef = 3A06DCB5182401DF009AE70B /* NewZealandMap.png */; };
		3A06DCB818240809009AE70B /* Star.png in Resources */ = {isa = PBXBuildFile; fileRef = 3A06DCB718240809009AE70B /* Star.png */; };
		3A06DCCB182438A9009AE70B /* Icon-72.png in Resources */ = {isa = PBXBuildFile; fileRef = 3A06DCC3182438A9009AE70B /* Icon-72.png */; };
		3A06DCCC182438A9009AE70B /* Icon-72@2x.png in Resources */ = {isa = PBXBuildFile; fileRef = 3A06DCC4182438A9009AE70B /* Icon-72@2x.png */; };
		3A06DCCD182438A9009AE70B /* Icon-Small-50.png in Resources */ = {isa = PBXBuildFile; fileRef = 3A06DCC5182438A9009AE70B /* Icon-Small-50.png */; };
		3A06DCCE182438A9009AE70B /* Icon-Small-50@2x.png in Resources */ = {isa = PBXBuildFile; fileRef = 3A06DCC6182438A9009AE70B /* Icon-Small-50@2x.png */; };
		3A06DCCF182438A9009AE70B /* Icon-Small.png in Resources */ = {isa = PBXBuildFile; fileRef = 3A06DCC7182438A9009AE70B /* Icon-Small.png */; };
		3A06DCD0182438A9009AE70B /* Icon-Small@2x.png in Resources */ = {isa = PBXBuildFile; fileRef = 3A06DCC8182438A9009AE70B /* Icon-Small@2x.png */; };
		3A06DCD1182438A9009AE70B /* Icon.png in Resources */ = {isa = PBXBuildFile; fileRef = 3A06DCC9182438A9009AE70B /* Icon.png */; };
		3A06DCD2182438A9009AE70B /* Icon@2x.png in Resources */ = {isa = PBXBuildFile; fileRef = 3A06DCCA182438A9009AE70B /* Icon@2x.png */; };
		3A06DCD518243AA5009AE70B /* Icon-Med.png in Resources */ = {isa = PBXBuildFile; fileRef = 3A06DCD318243AA5009AE70B /* Icon-Med.png */; };
		3A06DCD618243AA5009AE70B /* Icon-Med@2x.png in Resources */ = {isa = PBXBuildFile; fileRef = 3A06DCD418243AA5009AE70B /* Icon-Med@2x.png */; };
		3A06DCD918243B2F009AE70B /* Icon60pt.png in Resources */ = {isa = PBXBuildFile; fileRef = 3A06DCD818243B2F009AE70B /* Icon60pt.png */; };
		3A06DCDB18243B6D009AE70B /* Icon60pt@2x.png in Resources */ = {isa = PBXBuildFile; fileRef = 3A06DCDA18243B6D009AE70B /* Icon60pt@2x.png */; };
		3A06DCDE18243C0E009AE70B /* Icon76pt.png in Resources */ = {isa = PBXBuildFile; fileRef = 3A06DCDC18243C0E009AE70B /* Icon76pt.png */; };
		3A06DCDF18243C0E009AE70B /* Icon76pt@2x.png in Resources */ = {isa = PBXBuildFile; fileRef = 3A06DCDD18243C0E009AE70B /* Icon76pt@2x.png */; };
		3A06DCE118244195009AE70B /* NewZealandMapK.png in Resources */ = {isa = PBXBuildFile; fileRef = 3A06DCE018244195009AE70B /* NewZealandMapK.png */; };
		3A06DCE318244222009AE70B /* NewZealandMapM.png in Resources */ = {isa = PBXBuildFile; fileRef = 3A06DCE218244222009AE70B /* NewZealandMapM.png */; };
		3A06DCE5182442B5009AE70B /* NewZealandMapKM.png in Resources */ = {isa = PBXBuildFile; fileRef = 3A06DCE4182442B5009AE70B /* NewZealandMapKM.png */; };
		3A06DCE718244360009AE70B /* NewZealandMapKMM.png in Resources */ = {isa = PBXBuildFile; fileRef = 3A06DCE618244360009AE70B /* NewZealandMapKMM.png */; };
		3A06DCF9182448F1009AE70B /* NewZealandMap.pdf in Resources */ = {isa = PBXBuildFile; fileRef = 3A06DCF8182448F1009AE70B /* NewZealandMap.pdf */; };
		3A2DF67B1834137000BD0CDE /* starEmpty.png in Resources */ = {isa = PBXBuildFile; fileRef = 3A2DF67A1834137000BD0CDE /* starEmpty.png */; };
		3A2DF68018343B5400BD0CDE /* Main_iPad.storyboard in Resources */ = {isa = PBXBuildFile; fileRef = 3A2DF67E18343B5400BD0CDE /* Main_iPad.storyboard */; };
		3A2FE1F718352AA700B32945 /* InfoViewController.m in Sources */ = {isa = PBXBuildFile; fileRef = 3A2FE1F618352AA700B32945 /* InfoViewController.m */; };
		3A55BFBA182AB4C5007D0B40 /* CoreData.framework in Frameworks */ = {isa = PBXBuildFile; fileRef = 3A55BFB9182AB4C5007D0B40 /* CoreData.framework */; };
		3A55BFBD182AB714007D0B40 /* NZTravellerApp.xcdatamodeld in Sources */ = {isa = PBXBuildFile; fileRef = 3A55BFBB182AB714007D0B40 /* NZTravellerApp.xcdatamodeld */; };
		3A55C016182AC97A007D0B40 /* FirstTableViewController.m in Sources */ = {isa = PBXBuildFile; fileRef = 3A55C015182AC97A007D0B40 /* FirstTableViewController.m */; };
		3A76BC18183B717900028852 /* AbelTasmanKayak.jpg in Resources */ = {isa = PBXBuildFile; fileRef = 3A76BBD4183B717900028852 /* AbelTasmanKayak.jpg */; };
		3A76BC19183B717900028852 /* AratakiVisitorCentre.JPG in Resources */ = {isa = PBXBuildFile; fileRef = 3A76BBD5183B717900028852 /* AratakiVisitorCentre.JPG */; };
		3A76BC1A183B717900028852 /* AratakiVisitorCentre2.JPG in Resources */ = {isa = PBXBuildFile; fileRef = 3A76BBD6183B717900028852 /* AratakiVisitorCentre2.JPG */; };
		3A76BC1B183B717900028852 /* BaldwinSt.JPG in Resources */ = {isa = PBXBuildFile; fileRef = 3A76BBD7183B717900028852 /* BaldwinSt.JPG */; };
		3A76BC1C183B717900028852 /* BethellsBeach.jpg in Resources */ = {isa = PBXBuildFile; fileRef = 3A76BBD8183B717900028852 /* BethellsBeach.jpg */; };
		3A76BC1D183B717900028852 /* CapePalliser.JPG in Resources */ = {isa = PBXBuildFile; fileRef = 3A76BBD9183B717900028852 /* CapePalliser.JPG */; };
		3A76BC1E183B717900028852 /* CapePalliserLightHouse.JPG in Resources */ = {isa = PBXBuildFile; fileRef = 3A76BBDA183B717900028852 /* CapePalliserLightHouse.JPG */; };
		3A76BC1F183B717900028852 /* CapePalliserSealColony.JPG in Resources */ = {isa = PBXBuildFile; fileRef = 3A76BBDB183B717900028852 /* CapePalliserSealColony.JPG */; };
		3A76BC20183B717900028852 /* CapeReinga.JPG in Resources */ = {isa = PBXBuildFile; fileRef = 3A76BBDC183B717900028852 /* CapeReinga.JPG */; };
		3A76BC21183B717900028852 /* CathedralCove.JPG in Resources */ = {isa = PBXBuildFile; fileRef = 3A76BBDD183B717900028852 /* CathedralCove.JPG */; };
		3A76BC22183B717900028852 /* CathedralCove2.JPG in Resources */ = {isa = PBXBuildFile; fileRef = 3A76BBDE183B717900028852 /* CathedralCove2.JPG */; };
		3A76BC23183B717900028852 /* CathedralCove3.JPG in Resources */ = {isa = PBXBuildFile; fileRef = 3A76BBDF183B717900028852 /* CathedralCove3.JPG */; };
		3A76BC24183B717900028852 /* EastCape.JPG in Resources */ = {isa = PBXBuildFile; fileRef = 3A76BBE0183B717900028852 /* EastCape.JPG */; };
		3A76BC25183B717900028852 /* EastCape2.JPG in Resources */ = {isa = PBXBuildFile; fileRef = 3A76BBE1183B717900028852 /* EastCape2.JPG */; };
		3A76BC26183B717900028852 /* FranzJosefGlacier.jpg in Resources */ = {isa = PBXBuildFile; fileRef = 3A76BBE2183B717900028852 /* FranzJosefGlacier.jpg */; };
		3A76BC27183B717900028852 /* GlenorchyOtago.JPG in Resources */ = {isa = PBXBuildFile; fileRef = 3A76BBE3183B717900028852 /* GlenorchyOtago.JPG */; };
		3A76BC28183B717900028852 /* GlenorchyOtago2.JPG in Resources */ = {isa = PBXBuildFile; fileRef = 3A76BBE4183B717900028852 /* GlenorchyOtago2.JPG */; };
		3A76BC29183B717900028852 /* GlenorchyWalkway.JPG in Resources */ = {isa = PBXBuildFile; fileRef = 3A76BBE5183B717900028852 /* GlenorchyWalkway.JPG */; };
		3A76BC2A183B717900028852 /* GlenorchyWegzumDiamondLake.JPG in Resources */ = {isa = PBXBuildFile; fileRef = 3A76BBE6183B717900028852 /* GlenorchyWegzumDiamondLake.JPG */; };
		3A76BC2B183B717900028852 /* HaastHighway.JPG in Resources */ = {isa = PBXBuildFile; fileRef = 3A76BBE7183B717900028852 /* HaastHighway.JPG */; };
		3A76BC2C183B717900028852 /* HaastHighway2.JPG in Resources */ = {isa = PBXBuildFile; fileRef = 3A76BBE8183B717900028852 /* HaastHighway2.JPG */; };
		3A76BC2D183B717900028852 /* HaastHighway3.JPG in Resources */ = {isa = PBXBuildFile; fileRef = 3A76BBE9183B717900028852 /* HaastHighway3.JPG */; };
		3A76BC2E183B717900028852 /* HaastHighwayBluePools.jpg in Resources */ = {isa = PBXBuildFile; fileRef = 3A76BBEA183B717900028852 /* HaastHighwayBluePools.jpg */; };
		3A76BC2F183B717900028852 /* HaastHighwayPancakeRocks.jpg in Resources */ = {isa = PBXBuildFile; fileRef = 3A76BBEB183B717900028852 /* HaastHighwayPancakeRocks.jpg */; };
		3A76BC30183B717900028852 /* HaastHighwayPancakeRocks2.jpg in Resources */ = {isa = PBXBuildFile; fileRef = 3A76BBEC183B717900028852 /* HaastHighwayPancakeRocks2.jpg */; };
		3A76BC31183B717900028852 /* HamiltonGardens.JPG in Resources */ = {isa = PBXBuildFile; fileRef = 3A76BBED183B717900028852 /* HamiltonGardens.JPG */; };
		3A76BC32183B717900028852 /* HamiltonGardens2.JPG in Resources */ = {isa = PBXBuildFile; fileRef = 3A76BBEE183B717900028852 /* HamiltonGardens2.JPG */; };
		3A76BC33183B717900028852 /* HarcourtPark.JPG in Resources */ = {isa = PBXBuildFile; fileRef = 3A76BBEF183B717900028852 /* HarcourtPark.JPG */; };
		3A76BC34183B717900028852 /* HotWaterBeach.JPG in Resources */ = {isa = PBXBuildFile; fileRef = 3A76BBF0183B717900028852 /* HotWaterBeach.JPG */; };
		3A76BC35183B717900028852 /* Hundertwassertoiletten.JPG in Resources */ = {isa = PBXBuildFile; fileRef = 3A76BBF1183B717900028852 /* Hundertwassertoiletten.JPG */; };
		3A76BC36183B717900028852 /* Kaikoura.JPG in Resources */ = {isa = PBXBuildFile; fileRef = 3A76BBF2183B717900028852 /* Kaikoura.JPG */; };
		3A76BC37183B717900028852 /* Kaiteriteri.jpg in Resources */ = {isa = PBXBuildFile; fileRef = 3A76BBF3183B717900028852 /* Kaiteriteri.jpg */; };
		3A76BC38183B717900028852 /* KaitokeRegionalPark.JPG in Resources */ = {isa = PBXBuildFile; fileRef = 3A76BBF4183B717900028852 /* KaitokeRegionalPark.JPG */; };
		3A76BC39183B717900028852 /* KarikariEstateWeingut.JPG in Resources */ = {isa = PBXBuildFile; fileRef = 3A76BBF5183B717900028852 /* KarikariEstateWeingut.JPG */; };
		3A76BC3A183B717900028852 /* KarikariEstateWeingut2.JPG in Resources */ = {isa = PBXBuildFile; fileRef = 3A76BBF6183B717900028852 /* KarikariEstateWeingut2.JPG */; };
		3A76BC3B183B717900028852 /* Kinloch.JPG in Resources */ = {isa = PBXBuildFile; fileRef = 3A76BBF7183B717900028852 /* Kinloch.JPG */; };
		3A76BC3C183B717900028852 /* LakeMarian.jpg in Resources */ = {isa = PBXBuildFile; fileRef = 3A76BBF8183B717900028852 /* LakeMarian.jpg */; };
		3A76BC3D183B717900028852 /* LakeMarian2.jpg in Resources */ = {isa = PBXBuildFile; fileRef = 3A76BBF9183B717900028852 /* LakeMarian2.jpg */; };
		3A76BC3E183B717900028852 /* LakeRotorua.JPG in Resources */ = {isa = PBXBuildFile; fileRef = 3A76BBFA183B717900028852 /* LakeRotorua.JPG */; };
		3A76BC3F183B717900028852 /* MarlboroughSounds.JPG in Resources */ = {isa = PBXBuildFile; fileRef = 3A76BBFB183B717900028852 /* MarlboroughSounds.JPG */; };
		3A76BC40183B717900028852 /* MarlboroughSounds2.JPG in Resources */ = {isa = PBXBuildFile; fileRef = 3A76BBFC183B717900028852 /* MarlboroughSounds2.JPG */; };
		3A76BC41183B717900028852 /* MilfordSound.jpg in Resources */ = {isa = PBXBuildFile; fileRef = 3A76BBFD183B717900028852 /* MilfordSound.jpg */; };
		3A76BC42183B717900028852 /* MilfordSound2.jpg in Resources */ = {isa = PBXBuildFile; fileRef = 3A76BBFE183B717900028852 /* MilfordSound2.jpg */; };
		3A76BC43183B717900028852 /* MountainGlenorchy.JPG in Resources */ = {isa = PBXBuildFile; fileRef = 3A76BBFF183B717900028852 /* MountainGlenorchy.JPG */; };
		3A76BC44183B717900028852 /* MountMaunganui.JPG in Resources */ = {isa = PBXBuildFile; fileRef = 3A76BC00183B717900028852 /* MountMaunganui.JPG */; };
		3A76BC45183B717900028852 /* MountMaunganui2.JPG in Resources */ = {isa = PBXBuildFile; fileRef = 3A76BC01183B717900028852 /* MountMaunganui2.JPG */; };
		3A76BC46183B717900028852 /* MountMaunganui3.JPG in Resources */ = {isa = PBXBuildFile; fileRef = 3A76BC02183B717900028852 /* MountMaunganui3.JPG */; };
		3A76BC47183B717900028852 /* OldCromwellTown.JPG in Resources */ = {isa = PBXBuildFile; fileRef = 3A76BC03183B717900028852 /* OldCromwellTown.JPG */; };
		3A76BC48183B717900028852 /* PihaBeach.JPG in Resources */ = {isa = PBXBuildFile; fileRef = 3A76BC04183B717900028852 /* PihaBeach.JPG */; };
		3A76BC49183B717900028852 /* PihaWaterfall.JPG in Resources */ = {isa = PBXBuildFile; fileRef = 3A76BC05183B717900028852 /* PihaWaterfall.JPG */; };
		3A76BC4A183B717900028852 /* PrincessBayParkplatz.JPG in Resources */ = {isa = PBXBuildFile; fileRef = 3A76BC06183B717900028852 /* PrincessBayParkplatz.JPG */; };
		3A76BC4B183B717900028852 /* Queenstown.JPG in Resources */ = {isa = PBXBuildFile; fileRef = 3A76BC07183B717900028852 /* Queenstown.JPG */; };
		3A76BC4C183B717900028852 /* Queenstown2.JPG in Resources */ = {isa = PBXBuildFile; fileRef = 3A76BC08183B717900028852 /* Queenstown2.JPG */; };
		3A76BC4D183B717900028852 /* QueenstownJetboat.JPG in Resources */ = {isa = PBXBuildFile; fileRef = 3A76BC09183B717900028852 /* QueenstownJetboat.JPG */; };
		3A76BC4E183B717900028852 /* RailwayStationDunedin.JPG in Resources */ = {isa = PBXBuildFile; fileRef = 3A76BC0A183B717900028852 /* RailwayStationDunedin.JPG */; };
		3A76BC4F183B717900028852 /* ruhigerStrand.JPG in Resources */ = {isa = PBXBuildFile; fileRef = 3A76BC0B183B717900028852 /* ruhigerStrand.JPG */; };
		3A76BC50183B717900028852 /* Seatoun.JPG in Resources */ = {isa = PBXBuildFile; fileRef = 3A76BC0C183B717900028852 /* Seatoun.JPG */; };
		3A76BC51183B717900028852 /* TamaLake.JPG in Resources */ = {isa = PBXBuildFile; fileRef = 3A76BC0D183B717900028852 /* TamaLake.JPG */; };
		3A76BC52183B717900028852 /* Tongariro.JPG in Resources */ = {isa = PBXBuildFile; fileRef = 3A76BC0E183B717900028852 /* Tongariro.JPG */; };
		3A76BC53183B717900028852 /* TongariroCrossing.JPG in Resources */ = {isa = PBXBuildFile; fileRef = 3A76BC0F183B717900028852 /* TongariroCrossing.JPG */; };
		3A76BC54183B717900028852 /* WaiOTapuThermalWonderland.JPG in Resources */ = {isa = PBXBuildFile; fileRef = 3A76BC10183B717900028852 /* WaiOTapuThermalWonderland.JPG */; };
		3A76BC55183B717900028852 /* WaiOTapuThermalWonderland2.JPG in Resources */ = {isa = PBXBuildFile; fileRef = 3A76BC11183B717900028852 /* WaiOTapuThermalWonderland2.JPG */; };
		3A76BC56183B717900028852 /* WaitomoCaves.jpg in Resources */ = {isa = PBXBuildFile; fileRef = 3A76BC12183B717900028852 /* WaitomoCaves.jpg */; };
		3A76BC57183B717900028852 /* WaitomoCaves2.jpg in Resources */ = {isa = PBXBuildFile; fileRef = 3A76BC13183B717900028852 /* WaitomoCaves2.jpg */; };
		3A76BC58183B717900028852 /* WanakaLakeHawea.jpg in Resources */ = {isa = PBXBuildFile; fileRef = 3A76BC14183B717900028852 /* WanakaLakeHawea.jpg */; };
		3A76BC59183B717900028852 /* WanakaPuzzlingWorld.JPG in Resources */ = {isa = PBXBuildFile; fileRef = 3A76BC15183B717900028852 /* WanakaPuzzlingWorld.JPG */; };
		3A76BC5A183B717900028852 /* WanakaPuzzlingWorld2.JPG in Resources */ = {isa = PBXBuildFile; fileRef = 3A76BC16183B717900028852 /* WanakaPuzzlingWorld2.JPG */; };
		3A76BC5B183B717900028852 /* WhararikiBeach2.JPG in Resources */ = {isa = PBXBuildFile; fileRef = 3A76BC17183B717900028852 /* WhararikiBeach2.JPG */; };
		3AAE216B182AF00F007C6AB8 /* NZDetailViewController.m in Sources */ = {isa = PBXBuildFile; fileRef = 3AAE216A182AF00F007C6AB8 /* NZDetailViewController.m */; };
		3AAE21BF18316B82007C6AB8 /* ImageScrollViewController.m in Sources */ = {isa = PBXBuildFile; fileRef = 3AAE21BE18316B82007C6AB8 /* ImageScrollViewController.m */; };
		3AE73EAE1832A9C400AD06AD /* NZTravellerDetails.m in Sources */ = {isa = PBXBuildFile; fileRef = 3AE73EAD1832A9C400AD06AD /* NZTravellerDetails.m */; };
		3AE73EB11832A9C500AD06AD /* NZTravellerPOI.m in Sources */ = {isa = PBXBuildFile; fileRef = 3AE73EB01832A9C500AD06AD /* NZTravellerPOI.m */; };
		3AEED9F21836CA3100A917D5 /* first.png in Resources */ = {isa = PBXBuildFile; fileRef = 3AEED9EE1836CA3100A917D5 /* first.png */; };
		3AEED9F31836CA3100A917D5 /* info.png in Resources */ = {isa = PBXBuildFile; fileRef = 3AEED9EF1836CA3100A917D5 /* info.png */; };
		3AEED9F41836CA3100A917D5 /* map.png in Resources */ = {isa = PBXBuildFile; fileRef = 3AEED9F01836CA3100A917D5 /* map.png */; };
		3AEED9F51836CA3100A917D5 /* mapCloseUp.png in Resources */ = {isa = PBXBuildFile; fileRef = 3AEED9F11836CA3100A917D5 /* mapCloseUp.png */; };
/* End PBXBuildFile section */

/* Begin PBXContainerItemProxy section */
		3A06DC891823FD8D009AE70B /* PBXContainerItemProxy */ = {
			isa = PBXContainerItemProxy;
			containerPortal = 3A06DC5B1823FD8D009AE70B /* Project object */;
			proxyType = 1;
			remoteGlobalIDString = 3A06DC621823FD8D009AE70B;
			remoteInfo = NZTravellerApp;
		};
/* End PBXContainerItemProxy section */

/* Begin PBXFileReference section */
		3A0620AA183643CC005EE43E /* NZCoreData.sqlite */ = {isa = PBXFileReference; lastKnownFileType = file; path = NZCoreData.sqlite; sourceTree = "<group>"; };
		3A06DC631823FD8D009AE70B /* Aotearoa.app */ = {isa = PBXFileReference; explicitFileType = wrapper.application; includeInIndex = 0; path = Aotearoa.app; sourceTree = BUILT_PRODUCTS_DIR; };
		3A06DC661823FD8D009AE70B /* Foundation.framework */ = {isa = PBXFileReference; lastKnownFileType = wrapper.framework; name = Foundation.framework; path = System/Library/Frameworks/Foundation.framework; sourceTree = SDKROOT; };
		3A06DC681823FD8D009AE70B /* CoreGraphics.framework */ = {isa = PBXFileReference; lastKnownFileType = wrapper.framework; name = CoreGraphics.framework; path = System/Library/Frameworks/CoreGraphics.framework; sourceTree = SDKROOT; };
		3A06DC6A1823FD8D009AE70B /* UIKit.framework */ = {isa = PBXFileReference; lastKnownFileType = wrapper.framework; name = UIKit.framework; path = System/Library/Frameworks/UIKit.framework; sourceTree = SDKROOT; };
		3A06DC6E1823FD8D009AE70B /* Aotearoa-Info.plist */ = {isa = PBXFileReference; lastKnownFileType = text.plist.xml; path = "Aotearoa-Info.plist"; sourceTree = "<group>"; };
		3A06DC701823FD8D009AE70B /* en */ = {isa = PBXFileReference; lastKnownFileType = text.plist.strings; name = en; path = en.lproj/InfoPlist.strings; sourceTree = "<group>"; };
		3A06DC721823FD8D009AE70B /* main.m */ = {isa = PBXFileReference; lastKnownFileType = sourcecode.c.objc; path = main.m; sourceTree = "<group>"; };
		3A06DC741823FD8D009AE70B /* Aotearoa-Prefix.pch */ = {isa = PBXFileReference; lastKnownFileType = sourcecode.c.h; path = "Aotearoa-Prefix.pch"; sourceTree = "<group>"; };
		3A06DC751823FD8D009AE70B /* AppDelegate.h */ = {isa = PBXFileReference; lastKnownFileType = sourcecode.c.h; path = AppDelegate.h; sourceTree = "<group>"; };
		3A06DC761823FD8D009AE70B /* AppDelegate.m */ = {isa = PBXFileReference; lastKnownFileType = sourcecode.c.objc; path = AppDelegate.m; sourceTree = "<group>"; };
		3A06DC791823FD8D009AE70B /* Base */ = {isa = PBXFileReference; lastKnownFileType = file.storyboard; name = Base; path = Base.lproj/Main.storyboard; sourceTree = "<group>"; };
		3A06DC7E1823FD8D009AE70B /* Images.xcassets */ = {isa = PBXFileReference; lastKnownFileType = folder.assetcatalog; path = Images.xcassets; sourceTree = "<group>"; };
		3A06DC841823FD8D009AE70B /* AotearoaTests.xctest */ = {isa = PBXFileReference; explicitFileType = wrapper.cfbundle; includeInIndex = 0; path = AotearoaTests.xctest; sourceTree = BUILT_PRODUCTS_DIR; };
		3A06DC851823FD8D009AE70B /* XCTest.framework */ = {isa = PBXFileReference; lastKnownFileType = wrapper.framework; name = XCTest.framework; path = Library/Frameworks/XCTest.framework; sourceTree = DEVELOPER_DIR; };
		3A06DC8D1823FD8D009AE70B /* AotearoaTests-Info.plist */ = {isa = PBXFileReference; lastKnownFileType = text.plist.xml; path = "AotearoaTests-Info.plist"; sourceTree = "<group>"; };
		3A06DC8F1823FD8D009AE70B /* en */ = {isa = PBXFileReference; lastKnownFileType = text.plist.strings; name = en; path = en.lproj/InfoPlist.strings; sourceTree = "<group>"; };
		3A06DC911823FD8D009AE70B /* NZTravellerAppTests.m */ = {isa = PBXFileReference; lastKnownFileType = sourcecode.c.objc; path = NZTravellerAppTests.m; sourceTree = "<group>"; };
		3A06DC9B1823FDF0009AE70B /* CustomScrollViewController.h */ = {isa = PBXFileReference; fileEncoding = 4; lastKnownFileType = sourcecode.c.h; path = CustomScrollViewController.h; sourceTree = "<group>"; };
		3A06DC9C1823FDF0009AE70B /* CustomScrollViewController.m */ = {isa = PBXFileReference; fileEncoding = 4; lastKnownFileType = sourcecode.c.objc; path = CustomScrollViewController.m; sourceTree = "<group>"; };
		3A06DCA41823FE64009AE70B /* ScrollViewController.h */ = {isa = PBXFileReference; fileEncoding = 4; lastKnownFileType = sourcecode.c.h; path = ScrollViewController.h; sourceTree = "<group>"; };
		3A06DCA51823FE64009AE70B /* ScrollViewController.m */ = {isa = PBXFileReference; fileEncoding = 4; lastKnownFileType = sourcecode.c.objc; path = ScrollViewController.m; sourceTree = "<group>"; };
		3A06DCB5182401DF009AE70B /* NewZealandMap.png */ = {isa = PBXFileReference; lastKnownFileType = image.png; path = NewZealandMap.png; sourceTree = "<group>"; };
		3A06DCB718240809009AE70B /* Star.png */ = {isa = PBXFileReference; lastKnownFileType = image.png; path = Star.png; sourceTree = "<group>"; };
		3A06DCC3182438A9009AE70B /* Icon-72.png */ = {isa = PBXFileReference; lastKnownFileType = image.png; path = "Icon-72.png"; sourceTree = "<group>"; };
		3A06DCC4182438A9009AE70B /* Icon-72@2x.png */ = {isa = PBXFileReference; lastKnownFileType = image.png; path = "Icon-72@2x.png"; sourceTree = "<group>"; };
		3A06DCC5182438A9009AE70B /* Icon-Small-50.png */ = {isa = PBXFileReference; lastKnownFileType = image.png; path = "Icon-Small-50.png"; sourceTree = "<group>"; };
		3A06DCC6182438A9009AE70B /* Icon-Small-50@2x.png */ = {isa = PBXFileReference; lastKnownFileType = image.png; path = "Icon-Small-50@2x.png"; sourceTree = "<group>"; };
		3A06DCC7182438A9009AE70B /* Icon-Small.png */ = {isa = PBXFileReference; lastKnownFileType = image.png; path = "Icon-Small.png"; sourceTree = "<group>"; };
		3A06DCC8182438A9009AE70B /* Icon-Small@2x.png */ = {isa = PBXFileReference; lastKnownFileType = image.png; path = "Icon-Small@2x.png"; sourceTree = "<group>"; };
		3A06DCC9182438A9009AE70B /* Icon.png */ = {isa = PBXFileReference; lastKnownFileType = image.png; path = Icon.png; sourceTree = "<group>"; };
		3A06DCCA182438A9009AE70B /* Icon@2x.png */ = {isa = PBXFileReference; lastKnownFileType = image.png; path = "Icon@2x.png"; sourceTree = "<group>"; };
		3A06DCD318243AA5009AE70B /* Icon-Med.png */ = {isa = PBXFileReference; lastKnownFileType = image.png; path = "Icon-Med.png"; sourceTree = "<group>"; };
		3A06DCD418243AA5009AE70B /* Icon-Med@2x.png */ = {isa = PBXFileReference; lastKnownFileType = image.png; path = "Icon-Med@2x.png"; sourceTree = "<group>"; };
		3A06DCD818243B2F009AE70B /* Icon60pt.png */ = {isa = PBXFileReference; lastKnownFileType = image.png; path = Icon60pt.png; sourceTree = "<group>"; };
		3A06DCDA18243B6D009AE70B /* Icon60pt@2x.png */ = {isa = PBXFileReference; lastKnownFileType = image.png; path = "Icon60pt@2x.png"; sourceTree = "<group>"; };
		3A06DCDC18243C0E009AE70B /* Icon76pt.png */ = {isa = PBXFileReference; lastKnownFileType = image.png; path = Icon76pt.png; sourceTree = "<group>"; };
		3A06DCDD18243C0E009AE70B /* Icon76pt@2x.png */ = {isa = PBXFileReference; lastKnownFileType = image.png; path = "Icon76pt@2x.png"; sourceTree = "<group>"; };
		3A06DCE018244195009AE70B /* NewZealandMapK.png */ = {isa = PBXFileReference; lastKnownFileType = image.png; path = NewZealandMapK.png; sourceTree = "<group>"; };
		3A06DCE218244222009AE70B /* NewZealandMapM.png */ = {isa = PBXFileReference; lastKnownFileType = image.png; path = NewZealandMapM.png; sourceTree = "<group>"; };
		3A06DCE4182442B5009AE70B /* NewZealandMapKM.png */ = {isa = PBXFileReference; lastKnownFileType = image.png; path = NewZealandMapKM.png; sourceTree = "<group>"; };
		3A06DCE618244360009AE70B /* NewZealandMapKMM.png */ = {isa = PBXFileReference; lastKnownFileType = image.png; path = NewZealandMapKMM.png; sourceTree = "<group>"; };
		3A06DCF8182448F1009AE70B /* NewZealandMap.pdf */ = {isa = PBXFileReference; lastKnownFileType = image.pdf; path = NewZealandMap.pdf; sourceTree = "<group>"; };
		3A2DF67A1834137000BD0CDE /* starEmpty.png */ = {isa = PBXFileReference; lastKnownFileType = image.png; path = starEmpty.png; sourceTree = "<group>"; };
		3A2DF67F18343B5400BD0CDE /* Base */ = {isa = PBXFileReference; lastKnownFileType = file.storyboard; name = Base; path = Base.lproj/Main_iPad.storyboard; sourceTree = "<group>"; };
		3A2FE1F518352AA700B32945 /* InfoViewController.h */ = {isa = PBXFileReference; fileEncoding = 4; lastKnownFileType = sourcecode.c.h; path = InfoViewController.h; sourceTree = "<group>"; };
		3A2FE1F618352AA700B32945 /* InfoViewController.m */ = {isa = PBXFileReference; fileEncoding = 4; lastKnownFileType = sourcecode.c.objc; path = InfoViewController.m; sourceTree = "<group>"; };
		3A55BFB9182AB4C5007D0B40 /* CoreData.framework */ = {isa = PBXFileReference; lastKnownFileType = wrapper.framework; name = CoreData.framework; path = System/Library/Frameworks/CoreData.framework; sourceTree = SDKROOT; };
		3A55BFBC182AB714007D0B40 /* NZTravellerApp.xcdatamodel */ = {isa = PBXFileReference; lastKnownFileType = wrapper.xcdatamodel; path = NZTravellerApp.xcdatamodel; sourceTree = "<group>"; };
		3A55C014182AC97A007D0B40 /* FirstTableViewController.h */ = {isa = PBXFileReference; fileEncoding = 4; lastKnownFileType = sourcecode.c.h; path = FirstTableViewController.h; sourceTree = "<group>"; };
		3A55C015182AC97A007D0B40 /* FirstTableViewController.m */ = {isa = PBXFileReference; fileEncoding = 4; lastKnownFileType = sourcecode.c.objc; path = FirstTableViewController.m; sourceTree = "<group>"; };
		3A76BBD4183B717900028852 /* AbelTasmanKayak.jpg */ = {isa = PBXFileReference; lastKnownFileType = image.jpeg; path = AbelTasmanKayak.jpg; sourceTree = "<group>"; };
		3A76BBD5183B717900028852 /* AratakiVisitorCentre.JPG */ = {isa = PBXFileReference; lastKnownFileType = image.jpeg; path = AratakiVisitorCentre.JPG; sourceTree = "<group>"; };
		3A76BBD6183B717900028852 /* AratakiVisitorCentre2.JPG */ = {isa = PBXFileReference; lastKnownFileType = image.jpeg; path = AratakiVisitorCentre2.JPG; sourceTree = "<group>"; };
		3A76BBD7183B717900028852 /* BaldwinSt.JPG */ = {isa = PBXFileReference; lastKnownFileType = image.jpeg; path = BaldwinSt.JPG; sourceTree = "<group>"; };
		3A76BBD8183B717900028852 /* BethellsBeach.jpg */ = {isa = PBXFileReference; lastKnownFileType = image.jpeg; path = BethellsBeach.jpg; sourceTree = "<group>"; };
		3A76BBD9183B717900028852 /* CapePalliser.JPG */ = {isa = PBXFileReference; lastKnownFileType = image.jpeg; path = CapePalliser.JPG; sourceTree = "<group>"; };
		3A76BBDA183B717900028852 /* CapePalliserLightHouse.JPG */ = {isa = PBXFileReference; lastKnownFileType = image.jpeg; path = CapePalliserLightHouse.JPG; sourceTree = "<group>"; };
		3A76BBDB183B717900028852 /* CapePalliserSealColony.JPG */ = {isa = PBXFileReference; lastKnownFileType = image.jpeg; path = CapePalliserSealColony.JPG; sourceTree = "<group>"; };
		3A76BBDC183B717900028852 /* CapeReinga.JPG */ = {isa = PBXFileReference; lastKnownFileType = image.jpeg; path = CapeReinga.JPG; sourceTree = "<group>"; };
		3A76BBDD183B717900028852 /* CathedralCove.JPG */ = {isa = PBXFileReference; lastKnownFileType = image.jpeg; path = CathedralCove.JPG; sourceTree = "<group>"; };
		3A76BBDE183B717900028852 /* CathedralCove2.JPG */ = {isa = PBXFileReference; lastKnownFileType = image.jpeg; path = CathedralCove2.JPG; sourceTree = "<group>"; };
		3A76BBDF183B717900028852 /* CathedralCove3.JPG */ = {isa = PBXFileReference; lastKnownFileType = image.jpeg; path = CathedralCove3.JPG; sourceTree = "<group>"; };
		3A76BBE0183B717900028852 /* EastCape.JPG */ = {isa = PBXFileReference; lastKnownFileType = image.jpeg; path = EastCape.JPG; sourceTree = "<group>"; };
		3A76BBE1183B717900028852 /* EastCape2.JPG */ = {isa = PBXFileReference; lastKnownFileType = image.jpeg; path = EastCape2.JPG; sourceTree = "<group>"; };
		3A76BBE2183B717900028852 /* FranzJosefGlacier.jpg */ = {isa = PBXFileReference; lastKnownFileType = image.jpeg; path = FranzJosefGlacier.jpg; sourceTree = "<group>"; };
		3A76BBE3183B717900028852 /* GlenorchyOtago.JPG */ = {isa = PBXFileReference; lastKnownFileType = image.jpeg; path = GlenorchyOtago.JPG; sourceTree = "<group>"; };
		3A76BBE4183B717900028852 /* GlenorchyOtago2.JPG */ = {isa = PBXFileReference; lastKnownFileType = image.jpeg; path = GlenorchyOtago2.JPG; sourceTree = "<group>"; };
		3A76BBE5183B717900028852 /* GlenorchyWalkway.JPG */ = {isa = PBXFileReference; lastKnownFileType = image.jpeg; path = GlenorchyWalkway.JPG; sourceTree = "<group>"; };
		3A76BBE6183B717900028852 /* GlenorchyWegzumDiamondLake.JPG */ = {isa = PBXFileReference; lastKnownFileType = image.jpeg; path = GlenorchyWegzumDiamondLake.JPG; sourceTree = "<group>"; };
		3A76BBE7183B717900028852 /* HaastHighway.JPG */ = {isa = PBXFileReference; lastKnownFileType = image.jpeg; path = HaastHighway.JPG; sourceTree = "<group>"; };
		3A76BBE8183B717900028852 /* HaastHighway2.JPG */ = {isa = PBXFileReference; lastKnownFileType = image.jpeg; path = HaastHighway2.JPG; sourceTree = "<group>"; };
		3A76BBE9183B717900028852 /* HaastHighway3.JPG */ = {isa = PBXFileReference; lastKnownFileType = image.jpeg; path = HaastHighway3.JPG; sourceTree = "<group>"; };
		3A76BBEA183B717900028852 /* HaastHighwayBluePools.jpg */ = {isa = PBXFileReference; lastKnownFileType = image.jpeg; path = HaastHighwayBluePools.jpg; sourceTree = "<group>"; };
		3A76BBEB183B717900028852 /* HaastHighwayPancakeRocks.jpg */ = {isa = PBXFileReference; lastKnownFileType = image.jpeg; path = HaastHighwayPancakeRocks.jpg; sourceTree = "<group>"; };
		3A76BBEC183B717900028852 /* HaastHighwayPancakeRocks2.jpg */ = {isa = PBXFileReference; lastKnownFileType = image.jpeg; path = HaastHighwayPancakeRocks2.jpg; sourceTree = "<group>"; };
		3A76BBED183B717900028852 /* HamiltonGardens.JPG */ = {isa = PBXFileReference; lastKnownFileType = image.jpeg; path = HamiltonGardens.JPG; sourceTree = "<group>"; };
		3A76BBEE183B717900028852 /* HamiltonGardens2.JPG */ = {isa = PBXFileReference; lastKnownFileType = image.jpeg; path = HamiltonGardens2.JPG; sourceTree = "<group>"; };
		3A76BBEF183B717900028852 /* HarcourtPark.JPG */ = {isa = PBXFileReference; lastKnownFileType = image.jpeg; path = HarcourtPark.JPG; sourceTree = "<group>"; };
		3A76BBF0183B717900028852 /* HotWaterBeach.JPG */ = {isa = PBXFileReference; lastKnownFileType = image.jpeg; path = HotWaterBeach.JPG; sourceTree = "<group>"; };
		3A76BBF1183B717900028852 /* Hundertwassertoiletten.JPG */ = {isa = PBXFileReference; lastKnownFileType = image.jpeg; path = Hundertwassertoiletten.JPG; sourceTree = "<group>"; };
		3A76BBF2183B717900028852 /* Kaikoura.JPG */ = {isa = PBXFileReference; lastKnownFileType = image.jpeg; path = Kaikoura.JPG; sourceTree = "<group>"; };
		3A76BBF3183B717900028852 /* Kaiteriteri.jpg */ = {isa = PBXFileReference; lastKnownFileType = image.jpeg; path = Kaiteriteri.jpg; sourceTree = "<group>"; };
		3A76BBF4183B717900028852 /* KaitokeRegionalPark.JPG */ = {isa = PBXFileReference; lastKnownFileType = image.jpeg; path = KaitokeRegionalPark.JPG; sourceTree = "<group>"; };
		3A76BBF5183B717900028852 /* KarikariEstateWeingut.JPG */ = {isa = PBXFileReference; lastKnownFileType = image.jpeg; path = KarikariEstateWeingut.JPG; sourceTree = "<group>"; };
		3A76BBF6183B717900028852 /* KarikariEstateWeingut2.JPG */ = {isa = PBXFileReference; lastKnownFileType = image.jpeg; path = KarikariEstateWeingut2.JPG; sourceTree = "<group>"; };
		3A76BBF7183B717900028852 /* Kinloch.JPG */ = {isa = PBXFileReference; lastKnownFileType = image.jpeg; path = Kinloch.JPG; sourceTree = "<group>"; };
		3A76BBF8183B717900028852 /* LakeMarian.jpg */ = {isa = PBXFileReference; lastKnownFileType = image.jpeg; path = LakeMarian.jpg; sourceTree = "<group>"; };
		3A76BBF9183B717900028852 /* LakeMarian2.jpg */ = {isa = PBXFileReference; lastKnownFileType = image.jpeg; path = LakeMarian2.jpg; sourceTree = "<group>"; };
		3A76BBFA183B717900028852 /* LakeRotorua.JPG */ = {isa = PBXFileReference; lastKnownFileType = image.jpeg; path = LakeRotorua.JPG; sourceTree = "<group>"; };
		3A76BBFB183B717900028852 /* MarlboroughSounds.JPG */ = {isa = PBXFileReference; lastKnownFileType = image.jpeg; path = MarlboroughSounds.JPG; sourceTree = "<group>"; };
		3A76BBFC183B717900028852 /* MarlboroughSounds2.JPG */ = {isa = PBXFileReference; lastKnownFileType = image.jpeg; path = MarlboroughSounds2.JPG; sourceTree = "<group>"; };
		3A76BBFD183B717900028852 /* MilfordSound.jpg */ = {isa = PBXFileReference; lastKnownFileType = image.jpeg; path = MilfordSound.jpg; sourceTree = "<group>"; };
		3A76BBFE183B717900028852 /* MilfordSound2.jpg */ = {isa = PBXFileReference; lastKnownFileType = image.jpeg; path = MilfordSound2.jpg; sourceTree = "<group>"; };
		3A76BBFF183B717900028852 /* MountainGlenorchy.JPG */ = {isa = PBXFileReference; lastKnownFileType = image.jpeg; path = MountainGlenorchy.JPG; sourceTree = "<group>"; };
		3A76BC00183B717900028852 /* MountMaunganui.JPG */ = {isa = PBXFileReference; lastKnownFileType = image.jpeg; path = MountMaunganui.JPG; sourceTree = "<group>"; };
		3A76BC01183B717900028852 /* MountMaunganui2.JPG */ = {isa = PBXFileReference; lastKnownFileType = image.jpeg; path = MountMaunganui2.JPG; sourceTree = "<group>"; };
		3A76BC02183B717900028852 /* MountMaunganui3.JPG */ = {isa = PBXFileReference; lastKnownFileType = image.jpeg; path = MountMaunganui3.JPG; sourceTree = "<group>"; };
		3A76BC03183B717900028852 /* OldCromwellTown.JPG */ = {isa = PBXFileReference; lastKnownFileType = image.jpeg; path = OldCromwellTown.JPG; sourceTree = "<group>"; };
		3A76BC04183B717900028852 /* PihaBeach.JPG */ = {isa = PBXFileReference; lastKnownFileType = image.jpeg; path = PihaBeach.JPG; sourceTree = "<group>"; };
		3A76BC05183B717900028852 /* PihaWaterfall.JPG */ = {isa = PBXFileReference; lastKnownFileType = image.jpeg; path = PihaWaterfall.JPG; sourceTree = "<group>"; };
		3A76BC06183B717900028852 /* PrincessBayParkplatz.JPG */ = {isa = PBXFileReference; lastKnownFileType = image.jpeg; path = PrincessBayParkplatz.JPG; sourceTree = "<group>"; };
		3A76BC07183B717900028852 /* Queenstown.JPG */ = {isa = PBXFileReference; lastKnownFileType = image.jpeg; path = Queenstown.JPG; sourceTree = "<group>"; };
		3A76BC08183B717900028852 /* Queenstown2.JPG */ = {isa = PBXFileReference; lastKnownFileType = image.jpeg; path = Queenstown2.JPG; sourceTree = "<group>"; };
		3A76BC09183B717900028852 /* QueenstownJetboat.JPG */ = {isa = PBXFileReference; lastKnownFileType = image.jpeg; path = QueenstownJetboat.JPG; sourceTree = "<group>"; };
		3A76BC0A183B717900028852 /* RailwayStationDunedin.JPG */ = {isa = PBXFileReference; lastKnownFileType = image.jpeg; path = RailwayStationDunedin.JPG; sourceTree = "<group>"; };
		3A76BC0B183B717900028852 /* ruhigerStrand.JPG */ = {isa = PBXFileReference; lastKnownFileType = image.jpeg; path = ruhigerStrand.JPG; sourceTree = "<group>"; };
		3A76BC0C183B717900028852 /* Seatoun.JPG */ = {isa = PBXFileReference; lastKnownFileType = image.jpeg; path = Seatoun.JPG; sourceTree = "<group>"; };
		3A76BC0D183B717900028852 /* TamaLake.JPG */ = {isa = PBXFileReference; lastKnownFileType = image.jpeg; path = TamaLake.JPG; sourceTree = "<group>"; };
		3A76BC0E183B717900028852 /* Tongariro.JPG */ = {isa = PBXFileReference; lastKnownFileType = image.jpeg; path = Tongariro.JPG; sourceTree = "<group>"; };
		3A76BC0F183B717900028852 /* TongariroCrossing.JPG */ = {isa = PBXFileReference; lastKnownFileType = image.jpeg; path = TongariroCrossing.JPG; sourceTree = "<group>"; };
		3A76BC10183B717900028852 /* WaiOTapuThermalWonderland.JPG */ = {isa = PBXFileReference; lastKnownFileType = image.jpeg; path = WaiOTapuThermalWonderland.JPG; sourceTree = "<group>"; };
		3A76BC11183B717900028852 /* WaiOTapuThermalWonderland2.JPG */ = {isa = PBXFileReference; lastKnownFileType = image.jpeg; path = WaiOTapuThermalWonderland2.JPG; sourceTree = "<group>"; };
		3A76BC12183B717900028852 /* WaitomoCaves.jpg */ = {isa = PBXFileReference; lastKnownFileType = image.jpeg; path = WaitomoCaves.jpg; sourceTree = "<group>"; };
		3A76BC13183B717900028852 /* WaitomoCaves2.jpg */ = {isa = PBXFileReference; lastKnownFileType = image.jpeg; path = WaitomoCaves2.jpg; sourceTree = "<group>"; };
		3A76BC14183B717900028852 /* WanakaLakeHawea.jpg */ = {isa = PBXFileReference; lastKnownFileType = image.jpeg; path = WanakaLakeHawea.jpg; sourceTree = "<group>"; };
		3A76BC15183B717900028852 /* WanakaPuzzlingWorld.JPG */ = {isa = PBXFileReference; lastKnownFileType = image.jpeg; path = WanakaPuzzlingWorld.JPG; sourceTree = "<group>"; };
		3A76BC16183B717900028852 /* WanakaPuzzlingWorld2.JPG */ = {isa = PBXFileReference; lastKnownFileType = image.jpeg; path = WanakaPuzzlingWorld2.JPG; sourceTree = "<group>"; };
		3A76BC17183B717900028852 /* WhararikiBeach2.JPG */ = {isa = PBXFileReference; lastKnownFileType = image.jpeg; path = WhararikiBeach2.JPG; sourceTree = "<group>"; };
		3AAE2169182AF00F007C6AB8 /* NZDetailViewController.h */ = {isa = PBXFileReference; fileEncoding = 4; lastKnownFileType = sourcecode.c.h; path = NZDetailViewController.h; sourceTree = "<group>"; };
		3AAE216A182AF00F007C6AB8 /* NZDetailViewController.m */ = {isa = PBXFileReference; fileEncoding = 4; lastKnownFileType = sourcecode.c.objc; path = NZDetailViewController.m; sourceTree = "<group>"; };
		3AAE21BD18316B82007C6AB8 /* ImageScrollViewController.h */ = {isa = PBXFileReference; fileEncoding = 4; lastKnownFileType = sourcecode.c.h; path = ImageScrollViewController.h; sourceTree = "<group>"; };
		3AAE21BE18316B82007C6AB8 /* ImageScrollViewController.m */ = {isa = PBXFileReference; fileEncoding = 4; lastKnownFileType = sourcecode.c.objc; path = ImageScrollViewController.m; sourceTree = "<group>"; };
		3AE73EAC1832A9C400AD06AD /* NZTravellerDetails.h */ = {isa = PBXFileReference; fileEncoding = 4; lastKnownFileType = sourcecode.c.h; path = NZTravellerDetails.h; sourceTree = "<group>"; };
		3AE73EAD1832A9C400AD06AD /* NZTravellerDetails.m */ = {isa = PBXFileReference; fileEncoding = 4; lastKnownFileType = sourcecode.c.objc; path = NZTravellerDetails.m; sourceTree = "<group>"; };
		3AE73EAF1832A9C500AD06AD /* NZTravellerPOI.h */ = {isa = PBXFileReference; fileEncoding = 4; lastKnownFileType = sourcecode.c.h; path = NZTravellerPOI.h; sourceTree = "<group>"; };
		3AE73EB01832A9C500AD06AD /* NZTravellerPOI.m */ = {isa = PBXFileReference; fileEncoding = 4; lastKnownFileType = sourcecode.c.objc; path = NZTravellerPOI.m; sourceTree = "<group>"; };
		3AEED9EE1836CA3100A917D5 /* first.png */ = {isa = PBXFileReference; lastKnownFileType = image.png; path = first.png; sourceTree = "<group>"; };
		3AEED9EF1836CA3100A917D5 /* info.png */ = {isa = PBXFileReference; lastKnownFileType = image.png; path = info.png; sourceTree = "<group>"; };
		3AEED9F01836CA3100A917D5 /* map.png */ = {isa = PBXFileReference; lastKnownFileType = image.png; path = map.png; sourceTree = "<group>"; };
		3AEED9F11836CA3100A917D5 /* mapCloseUp.png */ = {isa = PBXFileReference; lastKnownFileType = image.png; path = mapCloseUp.png; sourceTree = "<group>"; };
/* End PBXFileReference section */

/* Begin PBXFrameworksBuildPhase section */
		3A06DC601823FD8D009AE70B /* Frameworks */ = {
			isa = PBXFrameworksBuildPhase;
			buildActionMask = 2147483647;
			files = (
				3A55BFBA182AB4C5007D0B40 /* CoreData.framework in Frameworks */,
				3A06DC691823FD8D009AE70B /* CoreGraphics.framework in Frameworks */,
				3A06DC6B1823FD8D009AE70B /* UIKit.framework in Frameworks */,
				3A06DC671823FD8D009AE70B /* Foundation.framework in Frameworks */,
			);
			runOnlyForDeploymentPostprocessing = 0;
		};
		3A06DC811823FD8D009AE70B /* Frameworks */ = {
			isa = PBXFrameworksBuildPhase;
			buildActionMask = 2147483647;
			files = (
				3A06DC861823FD8D009AE70B /* XCTest.framework in Frameworks */,
				3A06DC881823FD8D009AE70B /* UIKit.framework in Frameworks */,
				3A06DC871823FD8D009AE70B /* Foundation.framework in Frameworks */,
			);
			runOnlyForDeploymentPostprocessing = 0;
		};
/* End PBXFrameworksBuildPhase section */

/* Begin PBXGroup section */
		3A06DC5A1823FD8D009AE70B = {
			isa = PBXGroup;
			children = (
				3AEED9ED1836CA3100A917D5 /* screenshots */,
				3A06DC6C1823FD8D009AE70B /* NZTravellerApp */,
				3A06DCC2182438A9009AE70B /* icons */,
				3A06DCB4182401DF009AE70B /* Images */,
				3A06DC8B1823FD8D009AE70B /* NZTravellerAppTests */,
				3A06DC651823FD8D009AE70B /* Frameworks */,
				3A06DC641823FD8D009AE70B /* Products */,
			);
			sourceTree = "<group>";
		};
		3A06DC641823FD8D009AE70B /* Products */ = {
			isa = PBXGroup;
			children = (
				3A06DC631823FD8D009AE70B /* Aotearoa.app */,
				3A06DC841823FD8D009AE70B /* AotearoaTests.xctest */,
			);
			name = Products;
			sourceTree = "<group>";
		};
		3A06DC651823FD8D009AE70B /* Frameworks */ = {
			isa = PBXGroup;
			children = (
				3A55BFB9182AB4C5007D0B40 /* CoreData.framework */,
				3A06DC661823FD8D009AE70B /* Foundation.framework */,
				3A06DC681823FD8D009AE70B /* CoreGraphics.framework */,
				3A06DC6A1823FD8D009AE70B /* UIKit.framework */,
				3A06DC851823FD8D009AE70B /* XCTest.framework */,
			);
			name = Frameworks;
			sourceTree = "<group>";
		};
		3A06DC6C1823FD8D009AE70B /* NZTravellerApp */ = {
			isa = PBXGroup;
			children = (
				3A76BBD3183B717900028852 /* Photos */,
				3A06DC7E1823FD8D009AE70B /* Images.xcassets */,
				3A0620AA183643CC005EE43E /* NZCoreData.sqlite */,
				3A06DC781823FD8D009AE70B /* Main.storyboard */,
				3A2DF67E18343B5400BD0CDE /* Main_iPad.storyboard */,
				3A55BFBB182AB714007D0B40 /* NZTravellerApp.xcdatamodeld */,
				3A2FE1F518352AA700B32945 /* InfoViewController.h */,
				3A2FE1F618352AA700B32945 /* InfoViewController.m */,
				3AE73EAF1832A9C500AD06AD /* NZTravellerPOI.h */,
				3AE73EB01832A9C500AD06AD /* NZTravellerPOI.m */,
				3AE73EAC1832A9C400AD06AD /* NZTravellerDetails.h */,
				3AE73EAD1832A9C400AD06AD /* NZTravellerDetails.m */,
				3A06DC9B1823FDF0009AE70B /* CustomScrollViewController.h */,
				3A06DC9C1823FDF0009AE70B /* CustomScrollViewController.m */,
				3AAE21BD18316B82007C6AB8 /* ImageScrollViewController.h */,
				3AAE21BE18316B82007C6AB8 /* ImageScrollViewController.m */,
				3AAE2169182AF00F007C6AB8 /* NZDetailViewController.h */,
				3AAE216A182AF00F007C6AB8 /* NZDetailViewController.m */,
				3A06DC751823FD8D009AE70B /* AppDelegate.h */,
				3A06DC761823FD8D009AE70B /* AppDelegate.m */,
				3A55C014182AC97A007D0B40 /* FirstTableViewController.h */,
				3A55C015182AC97A007D0B40 /* FirstTableViewController.m */,
				3A06DCA41823FE64009AE70B /* ScrollViewController.h */,
				3A06DCA51823FE64009AE70B /* ScrollViewController.m */,
				3A06DC6D1823FD8D009AE70B /* Supporting Files */,
			);
			path = NZTravellerApp;
			sourceTree = "<group>";
		};
		3A06DC6D1823FD8D009AE70B /* Supporting Files */ = {
			isa = PBXGroup;
			children = (
				3A06DC6E1823FD8D009AE70B /* Aotearoa-Info.plist */,
				3A06DC6F1823FD8D009AE70B /* InfoPlist.strings */,
				3A06DC721823FD8D009AE70B /* main.m */,
				3A06DC741823FD8D009AE70B /* Aotearoa-Prefix.pch */,
			);
			name = "Supporting Files";
			sourceTree = "<group>";
		};
		3A06DC8B1823FD8D009AE70B /* NZTravellerAppTests */ = {
			isa = PBXGroup;
			children = (
				3A06DC911823FD8D009AE70B /* NZTravellerAppTests.m */,
				3A06DC8C1823FD8D009AE70B /* Supporting Files */,
			);
			path = NZTravellerAppTests;
			sourceTree = "<group>";
		};
		3A06DC8C1823FD8D009AE70B /* Supporting Files */ = {
			isa = PBXGroup;
			children = (
				3A06DC8D1823FD8D009AE70B /* AotearoaTests-Info.plist */,
				3A06DC8E1823FD8D009AE70B /* InfoPlist.strings */,
			);
			name = "Supporting Files";
			sourceTree = "<group>";
		};
		3A06DCB4182401DF009AE70B /* Images */ = {
			isa = PBXGroup;
			children = (
				3A06DCB718240809009AE70B /* Star.png */,
				3A2DF67A1834137000BD0CDE /* starEmpty.png */,
				3A06DCF8182448F1009AE70B /* NewZealandMap.pdf */,
				3A06DCE018244195009AE70B /* NewZealandMapK.png */,
				3A06DCE4182442B5009AE70B /* NewZealandMapKM.png */,
				3A06DCE218244222009AE70B /* NewZealandMapM.png */,
				3A06DCE618244360009AE70B /* NewZealandMapKMM.png */,
				3A06DCB5182401DF009AE70B /* NewZealandMap.png */,
			);
			path = Images;
			sourceTree = "<group>";
		};
		3A06DCC2182438A9009AE70B /* icons */ = {
			isa = PBXGroup;
			children = (
				3A06DCDC18243C0E009AE70B /* Icon76pt.png */,
				3A06DCDD18243C0E009AE70B /* Icon76pt@2x.png */,
				3A06DCC3182438A9009AE70B /* Icon-72.png */,
				3A06DCD318243AA5009AE70B /* Icon-Med.png */,
				3A06DCD418243AA5009AE70B /* Icon-Med@2x.png */,
				3A06DCC4182438A9009AE70B /* Icon-72@2x.png */,
				3A06DCC5182438A9009AE70B /* Icon-Small-50.png */,
				3A06DCC6182438A9009AE70B /* Icon-Small-50@2x.png */,
				3A06DCC7182438A9009AE70B /* Icon-Small.png */,
				3A06DCC8182438A9009AE70B /* Icon-Small@2x.png */,
				3A06DCD818243B2F009AE70B /* Icon60pt.png */,
				3A06DCDA18243B6D009AE70B /* Icon60pt@2x.png */,
				3A06DCC9182438A9009AE70B /* Icon.png */,
				3A06DCCA182438A9009AE70B /* Icon@2x.png */,
			);
			path = icons;
			sourceTree = "<group>";
		};
		3A76BBD3183B717900028852 /* Photos */ = {
			isa = PBXGroup;
			children = (
				3A76BBD4183B717900028852 /* AbelTasmanKayak.jpg */,
				3A76BBD5183B717900028852 /* AratakiVisitorCentre.JPG */,
				3A76BBD6183B717900028852 /* AratakiVisitorCentre2.JPG */,
				3A76BBD7183B717900028852 /* BaldwinSt.JPG */,
				3A76BBD8183B717900028852 /* BethellsBeach.jpg */,
				3A76BBD9183B717900028852 /* CapePalliser.JPG */,
				3A76BBDA183B717900028852 /* CapePalliserLightHouse.JPG */,
				3A76BBDB183B717900028852 /* CapePalliserSealColony.JPG */,
				3A76BBDC183B717900028852 /* CapeReinga.JPG */,
				3A76BBDD183B717900028852 /* CathedralCove.JPG */,
				3A76BBDE183B717900028852 /* CathedralCove2.JPG */,
				3A76BBDF183B717900028852 /* CathedralCove3.JPG */,
				3A76BBE0183B717900028852 /* EastCape.JPG */,
				3A76BBE1183B717900028852 /* EastCape2.JPG */,
				3A76BBE2183B717900028852 /* FranzJosefGlacier.jpg */,
				3A76BBE3183B717900028852 /* GlenorchyOtago.JPG */,
				3A76BBE4183B717900028852 /* GlenorchyOtago2.JPG */,
				3A76BBE5183B717900028852 /* GlenorchyWalkway.JPG */,
				3A76BBE6183B717900028852 /* GlenorchyWegzumDiamondLake.JPG */,
				3A76BBE7183B717900028852 /* HaastHighway.JPG */,
				3A76BBE8183B717900028852 /* HaastHighway2.JPG */,
				3A76BBE9183B717900028852 /* HaastHighway3.JPG */,
				3A76BBEA183B717900028852 /* HaastHighwayBluePools.jpg */,
				3A76BBEB183B717900028852 /* HaastHighwayPancakeRocks.jpg */,
				3A76BBEC183B717900028852 /* HaastHighwayPancakeRocks2.jpg */,
				3A76BBED183B717900028852 /* HamiltonGardens.JPG */,
				3A76BBEE183B717900028852 /* HamiltonGardens2.JPG */,
				3A76BBEF183B717900028852 /* HarcourtPark.JPG */,
				3A76BBF0183B717900028852 /* HotWaterBeach.JPG */,
				3A76BBF1183B717900028852 /* Hundertwassertoiletten.JPG */,
				3A76BBF2183B717900028852 /* Kaikoura.JPG */,
				3A76BBF3183B717900028852 /* Kaiteriteri.jpg */,
				3A76BBF4183B717900028852 /* KaitokeRegionalPark.JPG */,
				3A76BBF5183B717900028852 /* KarikariEstateWeingut.JPG */,
				3A76BBF6183B717900028852 /* KarikariEstateWeingut2.JPG */,
				3A76BBF7183B717900028852 /* Kinloch.JPG */,
				3A76BBF8183B717900028852 /* LakeMarian.jpg */,
				3A76BBF9183B717900028852 /* LakeMarian2.jpg */,
				3A76BBFA183B717900028852 /* LakeRotorua.JPG */,
				3A76BBFB183B717900028852 /* MarlboroughSounds.JPG */,
				3A76BBFC183B717900028852 /* MarlboroughSounds2.JPG */,
				3A76BBFD183B717900028852 /* MilfordSound.jpg */,
				3A76BBFE183B717900028852 /* MilfordSound2.jpg */,
				3A76BBFF183B717900028852 /* MountainGlenorchy.JPG */,
				3A76BC00183B717900028852 /* MountMaunganui.JPG */,
				3A76BC01183B717900028852 /* MountMaunganui2.JPG */,
				3A76BC02183B717900028852 /* MountMaunganui3.JPG */,
				3A76BC03183B717900028852 /* OldCromwellTown.JPG */,
				3A76BC04183B717900028852 /* PihaBeach.JPG */,
				3A76BC05183B717900028852 /* PihaWaterfall.JPG */,
				3A76BC06183B717900028852 /* PrincessBayParkplatz.JPG */,
				3A76BC07183B717900028852 /* Queenstown.JPG */,
				3A76BC08183B717900028852 /* Queenstown2.JPG */,
				3A76BC09183B717900028852 /* QueenstownJetboat.JPG */,
				3A76BC0A183B717900028852 /* RailwayStationDunedin.JPG */,
				3A76BC0B183B717900028852 /* ruhigerStrand.JPG */,
				3A76BC0C183B717900028852 /* Seatoun.JPG */,
				3A76BC0D183B717900028852 /* TamaLake.JPG */,
				3A76BC0E183B717900028852 /* Tongariro.JPG */,
				3A76BC0F183B717900028852 /* TongariroCrossing.JPG */,
				3A76BC10183B717900028852 /* WaiOTapuThermalWonderland.JPG */,
				3A76BC11183B717900028852 /* WaiOTapuThermalWonderland2.JPG */,
				3A76BC12183B717900028852 /* WaitomoCaves.jpg */,
				3A76BC13183B717900028852 /* WaitomoCaves2.jpg */,
				3A76BC14183B717900028852 /* WanakaLakeHawea.jpg */,
				3A76BC15183B717900028852 /* WanakaPuzzlingWorld.JPG */,
				3A76BC16183B717900028852 /* WanakaPuzzlingWorld2.JPG */,
				3A76BC17183B717900028852 /* WhararikiBeach2.JPG */,
			);
			path = Photos;
			sourceTree = "<group>";
		};
		3AEED9ED1836CA3100A917D5 /* screenshots */ = {
			isa = PBXGroup;
			children = (
				3AEED9EE1836CA3100A917D5 /* first.png */,
				3AEED9EF1836CA3100A917D5 /* info.png */,
				3AEED9F01836CA3100A917D5 /* map.png */,
				3AEED9F11836CA3100A917D5 /* mapCloseUp.png */,
			);
			path = screenshots;
			sourceTree = "<group>";
		};
/* End PBXGroup section */

/* Begin PBXNativeTarget section */
		3A06DC621823FD8D009AE70B /* Aotearoa */ = {
			isa = PBXNativeTarget;
			buildConfigurationList = 3A06DC951823FD8D009AE70B /* Build configuration list for PBXNativeTarget "Aotearoa" */;
			buildPhases = (
				3A06DC5F1823FD8D009AE70B /* Sources */,
				3A06DC601823FD8D009AE70B /* Frameworks */,
				3A06DC611823FD8D009AE70B /* Resources */,
			);
			buildRules = (
			);
			dependencies = (
			);
			name = Aotearoa;
			productName = NZTravellerApp;
			productReference = 3A06DC631823FD8D009AE70B /* Aotearoa.app */;
			productType = "com.apple.product-type.application";
		};
		3A06DC831823FD8D009AE70B /* AotearoaTests */ = {
			isa = PBXNativeTarget;
			buildConfigurationList = 3A06DC981823FD8D009AE70B /* Build configuration list for PBXNativeTarget "AotearoaTests" */;
			buildPhases = (
				3A06DC801823FD8D009AE70B /* Sources */,
				3A06DC811823FD8D009AE70B /* Frameworks */,
				3A06DC821823FD8D009AE70B /* Resources */,
			);
			buildRules = (
			);
			dependencies = (
				3A06DC8A1823FD8D009AE70B /* PBXTargetDependency */,
			);
			name = AotearoaTests;
			productName = NZTravellerAppTests;
			productReference = 3A06DC841823FD8D009AE70B /* AotearoaTests.xctest */;
			productType = "com.apple.product-type.bundle.unit-test";
		};
/* End PBXNativeTarget section */

/* Begin PBXProject section */
		3A06DC5B1823FD8D009AE70B /* Project object */ = {
			isa = PBXProject;
			attributes = {
				LastUpgradeCheck = 0500;
				ORGANIZATIONNAME = "Frederike Schmitz";
				TargetAttributes = {
					3A06DC831823FD8D009AE70B = {
						TestTargetID = 3A06DC621823FD8D009AE70B;
					};
				};
			};
			buildConfigurationList = 3A06DC5E1823FD8D009AE70B /* Build configuration list for PBXProject "Aotearoa" */;
			compatibilityVersion = "Xcode 3.2";
			developmentRegion = English;
			hasScannedForEncodings = 0;
			knownRegions = (
				en,
				Base,
			);
			mainGroup = 3A06DC5A1823FD8D009AE70B;
			productRefGroup = 3A06DC641823FD8D009AE70B /* Products */;
			projectDirPath = "";
			projectRoot = "";
			targets = (
				3A06DC621823FD8D009AE70B /* Aotearoa */,
				3A06DC831823FD8D009AE70B /* AotearoaTests */,
			);
		};
/* End PBXProject section */

/* Begin PBXResourcesBuildPhase section */
		3A06DC611823FD8D009AE70B /* Resources */ = {
			isa = PBXResourcesBuildPhase;
			buildActionMask = 2147483647;
			files = (
				3A76BC53183B717900028852 /* TongariroCrossing.JPG in Resources */,
				3A76BC43183B717900028852 /* MountainGlenorchy.JPG in Resources */,
				3A76BC48183B717900028852 /* PihaBeach.JPG in Resources */,
				3A06DCB818240809009AE70B /* Star.png in Resources */,
				3A06DCCD182438A9009AE70B /* Icon-Small-50.png in Resources */,
				3A76BC51183B717900028852 /* TamaLake.JPG in Resources */,
				3A76BC4B183B717900028852 /* Queenstown.JPG in Resources */,
				3A06DCE5182442B5009AE70B /* NewZealandMapKM.png in Resources */,
				3A76BC29183B717900028852 /* GlenorchyWalkway.JPG in Resources */,
				3A06DCDE18243C0E009AE70B /* Icon76pt.png in Resources */,
				3A76BC34183B717900028852 /* HotWaterBeach.JPG in Resources */,
				3A76BC20183B717900028852 /* CapeReinga.JPG in Resources */,
				3A06DCF9182448F1009AE70B /* NewZealandMap.pdf in Resources */,
				3A06DCD0182438A9009AE70B /* Icon-Small@2x.png in Resources */,
				3AEED9F41836CA3100A917D5 /* map.png in Resources */,
				3A76BC4C183B717900028852 /* Queenstown2.JPG in Resources */,
				3A06DCCC182438A9009AE70B /* Icon-72@2x.png in Resources */,
				3A76BC35183B717900028852 /* Hundertwassertoiletten.JPG in Resources */,
				3A76BC3A183B717900028852 /* KarikariEstateWeingut2.JPG in Resources */,
				3A76BC55183B717900028852 /* WaiOTapuThermalWonderland2.JPG in Resources */,
				3A76BC28183B717900028852 /* GlenorchyOtago2.JPG in Resources */,
				3A06DCD1182438A9009AE70B /* Icon.png in Resources */,
				3A06DCD2182438A9009AE70B /* Icon@2x.png in Resources */,
				3A76BC47183B717900028852 /* OldCromwellTown.JPG in Resources */,
				3A76BC1C183B717900028852 /* BethellsBeach.jpg in Resources */,
				3A2DF67B1834137000BD0CDE /* starEmpty.png in Resources */,
				3A76BC2D183B717900028852 /* HaastHighway3.JPG in Resources */,
				3A76BC24183B717900028852 /* EastCape.JPG in Resources */,
				3A76BC42183B717900028852 /* MilfordSound2.jpg in Resources */,
				3A76BC3F183B717900028852 /* MarlboroughSounds.JPG in Resources */,
				3A76BC18183B717900028852 /* AbelTasmanKayak.jpg in Resources */,
				3A06DCCF182438A9009AE70B /* Icon-Small.png in Resources */,
				3A76BC46183B717900028852 /* MountMaunganui3.JPG in Resources */,
				3A76BC1F183B717900028852 /* CapePalliserSealColony.JPG in Resources */,
				3A06DCDF18243C0E009AE70B /* Icon76pt@2x.png in Resources */,
				3A76BC4E183B717900028852 /* RailwayStationDunedin.JPG in Resources */,
				3AEED9F21836CA3100A917D5 /* first.png in Resources */,
				3A76BC26183B717900028852 /* FranzJosefGlacier.jpg in Resources */,
				3A06DCDB18243B6D009AE70B /* Icon60pt@2x.png in Resources */,
				3A76BC39183B717900028852 /* KarikariEstateWeingut.JPG in Resources */,
				3A0620AB183643CC005EE43E /* NZCoreData.sqlite in Resources */,
				3A76BC1D183B717900028852 /* CapePalliser.JPG in Resources */,
				3A06DCE318244222009AE70B /* NewZealandMapM.png in Resources */,
				3A06DCCE182438A9009AE70B /* Icon-Small-50@2x.png in Resources */,
				3A06DCE118244195009AE70B /* NewZealandMapK.png in Resources */,
				3A76BC30183B717900028852 /* HaastHighwayPancakeRocks2.jpg in Resources */,
				3A76BC2C183B717900028852 /* HaastHighway2.JPG in Resources */,
				3A06DC7F1823FD8D009AE70B /* Images.xcassets in Resources */,
				3A06DCE718244360009AE70B /* NewZealandMapKMM.png in Resources */,
				3A76BC3D183B717900028852 /* LakeMarian2.jpg in Resources */,
				3A76BC2F183B717900028852 /* HaastHighwayPancakeRocks.jpg in Resources */,
				3A76BC36183B717900028852 /* Kaikoura.JPG in Resources */,
				3A76BC2B183B717900028852 /* HaastHighway.JPG in Resources */,
				3A76BC1B183B717900028852 /* BaldwinSt.JPG in Resources */,
				3A06DCB6182401DF009AE70B /* NewZealandMap.png in Resources */,
				3A76BC41183B717900028852 /* MilfordSound.jpg in Resources */,
				3A76BC4D183B717900028852 /* QueenstownJetboat.JPG in Resources */,
				3A76BC22183B717900028852 /* CathedralCove2.JPG in Resources */,
				3AEED9F51836CA3100A917D5 /* mapCloseUp.png in Resources */,
				3A76BC56183B717900028852 /* WaitomoCaves.jpg in Resources */,
				3A76BC2E183B717900028852 /* HaastHighwayBluePools.jpg in Resources */,
				3A76BC50183B717900028852 /* Seatoun.JPG in Resources */,
				3A76BC2A183B717900028852 /* GlenorchyWegzumDiamondLake.JPG in Resources */,
				3A76BC54183B717900028852 /* WaiOTapuThermalWonderland.JPG in Resources */,
				3A76BC3C183B717900028852 /* LakeMarian.jpg in Resources */,
				3A06DCD618243AA5009AE70B /* Icon-Med@2x.png in Resources */,
				3A76BC38183B717900028852 /* KaitokeRegionalPark.JPG in Resources */,
				3AEED9F31836CA3100A917D5 /* info.png in Resources */,
				3A76BC21183B717900028852 /* CathedralCove.JPG in Resources */,
				3A76BC5A183B717900028852 /* WanakaPuzzlingWorld2.JPG in Resources */,
				3A76BC5B183B717900028852 /* WhararikiBeach2.JPG in Resources */,
				3A06DCD518243AA5009AE70B /* Icon-Med.png in Resources */,
				3A76BC3E183B717900028852 /* LakeRotorua.JPG in Resources */,
				3A76BC52183B717900028852 /* Tongariro.JPG in Resources */,
				3A76BC25183B717900028852 /* EastCape2.JPG in Resources */,
				3A76BC45183B717900028852 /* MountMaunganui2.JPG in Resources */,
				3A76BC31183B717900028852 /* HamiltonGardens.JPG in Resources */,
				3A76BC37183B717900028852 /* Kaiteriteri.jpg in Resources */,
				3A76BC4F183B717900028852 /* ruhigerStrand.JPG in Resources */,
				3A06DC711823FD8D009AE70B /* InfoPlist.strings in Resources */,
				3A76BC1A183B717900028852 /* AratakiVisitorCentre2.JPG in Resources */,
				3A76BC19183B717900028852 /* AratakiVisitorCentre.JPG in Resources */,
				3A2DF68018343B5400BD0CDE /* Main_iPad.storyboard in Resources */,
				3A76BC1E183B717900028852 /* CapePalliserLightHouse.JPG in Resources */,
				3A76BC49183B717900028852 /* PihaWaterfall.JPG in Resources */,
				3A76BC4A183B717900028852 /* PrincessBayParkplatz.JPG in Resources */,
				3A76BC23183B717900028852 /* CathedralCove3.JPG in Resources */,
				3A76BC33183B717900028852 /* HarcourtPark.JPG in Resources */,
				3A76BC57183B717900028852 /* WaitomoCaves2.jpg in Resources */,
				3A06DCD918243B2F009AE70B /* Icon60pt.png in Resources */,
				3A76BC58183B717900028852 /* WanakaLakeHawea.jpg in Resources */,
				3A76BC59183B717900028852 /* WanakaPuzzlingWorld.JPG in Resources */,
				3A76BC44183B717900028852 /* MountMaunganui.JPG in Resources */,
				3A76BC3B183B717900028852 /* Kinloch.JPG in Resources */,
				3A76BC27183B717900028852 /* GlenorchyOtago.JPG in Resources */,
				3A76BC32183B717900028852 /* HamiltonGardens2.JPG in Resources */,
				3A76BC40183B717900028852 /* MarlboroughSounds2.JPG in Resources */,
				3A06DCCB182438A9009AE70B /* Icon-72.png in Resources */,
				3A06DC7A1823FD8D009AE70B /* Main.storyboard in Resources */,
			);
			runOnlyForDeploymentPostprocessing = 0;
		};
		3A06DC821823FD8D009AE70B /* Resources */ = {
			isa = PBXResourcesBuildPhase;
			buildActionMask = 2147483647;
			files = (
				3A06DC901823FD8D009AE70B /* InfoPlist.strings in Resources */,
			);
			runOnlyForDeploymentPostprocessing = 0;
		};
/* End PBXResourcesBuildPhase section */

/* Begin PBXSourcesBuildPhase section */
		3A06DC5F1823FD8D009AE70B /* Sources */ = {
			isa = PBXSourcesBuildPhase;
			buildActionMask = 2147483647;
			files = (
				3AAE21BF18316B82007C6AB8 /* ImageScrollViewController.m in Sources */,
				3A06DCA61823FE64009AE70B /* ScrollViewController.m in Sources */,
				3A2FE1F718352AA700B32945 /* InfoViewController.m in Sources */,
				3A06DC9D1823FDF0009AE70B /* CustomScrollViewController.m in Sources */,
				3A06DC771823FD8D009AE70B /* AppDelegate.m in Sources */,
				3AE73EB11832A9C500AD06AD /* NZTravellerPOI.m in Sources */,
				3A06DC731823FD8D009AE70B /* main.m in Sources */,
				3AE73EAE1832A9C400AD06AD /* NZTravellerDetails.m in Sources */,
				3A55BFBD182AB714007D0B40 /* NZTravellerApp.xcdatamodeld in Sources */,
				3A55C016182AC97A007D0B40 /* FirstTableViewController.m in Sources */,
				3AAE216B182AF00F007C6AB8 /* NZDetailViewController.m in Sources */,
			);
			runOnlyForDeploymentPostprocessing = 0;
		};
		3A06DC801823FD8D009AE70B /* Sources */ = {
			isa = PBXSourcesBuildPhase;
			buildActionMask = 2147483647;
			files = (
				3A06DC921823FD8D009AE70B /* NZTravellerAppTests.m in Sources */,
			);
			runOnlyForDeploymentPostprocessing = 0;
		};
/* End PBXSourcesBuildPhase section */

/* Begin PBXTargetDependency section */
		3A06DC8A1823FD8D009AE70B /* PBXTargetDependency */ = {
			isa = PBXTargetDependency;
			target = 3A06DC621823FD8D009AE70B /* Aotearoa */;
			targetProxy = 3A06DC891823FD8D009AE70B /* PBXContainerItemProxy */;
		};
/* End PBXTargetDependency section */

/* Begin PBXVariantGroup section */
		3A06DC6F1823FD8D009AE70B /* InfoPlist.strings */ = {
			isa = PBXVariantGroup;
			children = (
				3A06DC701823FD8D009AE70B /* en */,
			);
			name = InfoPlist.strings;
			sourceTree = "<group>";
		};
		3A06DC781823FD8D009AE70B /* Main.storyboard */ = {
			isa = PBXVariantGroup;
			children = (
				3A06DC791823FD8D009AE70B /* Base */,
			);
			name = Main.storyboard;
			sourceTree = "<group>";
		};
		3A06DC8E1823FD8D009AE70B /* InfoPlist.strings */ = {
			isa = PBXVariantGroup;
			children = (
				3A06DC8F1823FD8D009AE70B /* en */,
			);
			name = InfoPlist.strings;
			sourceTree = "<group>";
		};
		3A2DF67E18343B5400BD0CDE /* Main_iPad.storyboard */ = {
			isa = PBXVariantGroup;
			children = (
				3A2DF67F18343B5400BD0CDE /* Base */,
			);
			name = Main_iPad.storyboard;
			sourceTree = "<group>";
		};
/* End PBXVariantGroup section */

/* Begin XCBuildConfiguration section */
		3A06DC931823FD8D009AE70B /* Debug */ = {
			isa = XCBuildConfiguration;
			buildSettings = {
				ALWAYS_SEARCH_USER_PATHS = NO;
				ARCHS = "$(ARCHS_STANDARD_INCLUDING_64_BIT)";
				CLANG_CXX_LANGUAGE_STANDARD = "gnu++0x";
				CLANG_CXX_LIBRARY = "libc++";
				CLANG_ENABLE_MODULES = YES;
				CLANG_ENABLE_OBJC_ARC = YES;
				CLANG_WARN_BOOL_CONVERSION = YES;
				CLANG_WARN_CONSTANT_CONVERSION = YES;
				CLANG_WARN_DIRECT_OBJC_ISA_USAGE = YES_ERROR;
				CLANG_WARN_EMPTY_BODY = YES;
				CLANG_WARN_ENUM_CONVERSION = YES;
				CLANG_WARN_INT_CONVERSION = YES;
				CLANG_WARN_OBJC_ROOT_CLASS = YES_ERROR;
				CLANG_WARN__DUPLICATE_METHOD_MATCH = YES;
				"CODE_SIGN_IDENTITY[sdk=iphoneos*]" = "iPhone Developer";
				COPY_PHASE_STRIP = NO;
				GCC_C_LANGUAGE_STANDARD = gnu99;
				GCC_DYNAMIC_NO_PIC = NO;
				GCC_OPTIMIZATION_LEVEL = 0;
				GCC_PREPROCESSOR_DEFINITIONS = (
					"DEBUG=1",
					"$(inherited)",
				);
				GCC_SYMBOLS_PRIVATE_EXTERN = NO;
				GCC_WARN_64_TO_32_BIT_CONVERSION = YES;
				GCC_WARN_ABOUT_RETURN_TYPE = YES_ERROR;
				GCC_WARN_UNDECLARED_SELECTOR = YES;
				GCC_WARN_UNINITIALIZED_AUTOS = YES;
				GCC_WARN_UNUSED_FUNCTION = YES;
				GCC_WARN_UNUSED_VARIABLE = YES;
				IPHONEOS_DEPLOYMENT_TARGET = 7.0;
				ONLY_ACTIVE_ARCH = YES;
				SDKROOT = iphoneos;
				TARGETED_DEVICE_FAMILY = "1,2";
			};
			name = Debug;
		};
		3A06DC941823FD8D009AE70B /* Release */ = {
			isa = XCBuildConfiguration;
			buildSettings = {
				ALWAYS_SEARCH_USER_PATHS = NO;
				ARCHS = "$(ARCHS_STANDARD_INCLUDING_64_BIT)";
				CLANG_CXX_LANGUAGE_STANDARD = "gnu++0x";
				CLANG_CXX_LIBRARY = "libc++";
				CLANG_ENABLE_MODULES = YES;
				CLANG_ENABLE_OBJC_ARC = YES;
				CLANG_WARN_BOOL_CONVERSION = YES;
				CLANG_WARN_CONSTANT_CONVERSION = YES;
				CLANG_WARN_DIRECT_OBJC_ISA_USAGE = YES_ERROR;
				CLANG_WARN_EMPTY_BODY = YES;
				CLANG_WARN_ENUM_CONVERSION = YES;
				CLANG_WARN_INT_CONVERSION = YES;
				CLANG_WARN_OBJC_ROOT_CLASS = YES_ERROR;
				CLANG_WARN__DUPLICATE_METHOD_MATCH = YES;
				"CODE_SIGN_IDENTITY[sdk=iphoneos*]" = "iPhone Developer";
				COPY_PHASE_STRIP = YES;
				ENABLE_NS_ASSERTIONS = NO;
				GCC_C_LANGUAGE_STANDARD = gnu99;
				GCC_WARN_64_TO_32_BIT_CONVERSION = YES;
				GCC_WARN_ABOUT_RETURN_TYPE = YES_ERROR;
				GCC_WARN_UNDECLARED_SELECTOR = YES;
				GCC_WARN_UNINITIALIZED_AUTOS = YES;
				GCC_WARN_UNUSED_FUNCTION = YES;
				GCC_WARN_UNUSED_VARIABLE = YES;
				IPHONEOS_DEPLOYMENT_TARGET = 7.0;
				SDKROOT = iphoneos;
				TARGETED_DEVICE_FAMILY = "1,2";
				VALIDATE_PRODUCT = YES;
			};
			name = Release;
		};
		3A06DC961823FD8D009AE70B /* Debug */ = {
			isa = XCBuildConfiguration;
			buildSettings = {
				ASSETCATALOG_COMPILER_APPICON_NAME = AppIcon;
				ASSETCATALOG_COMPILER_LAUNCHIMAGE_NAME = LaunchImage;
				GCC_PRECOMPILE_PREFIX_HEADER = YES;
				GCC_PREFIX_HEADER = "NZTravellerApp/Aotearoa-Prefix.pch";
				INFOPLIST_FILE = "NZTravellerApp/Aotearoa-Info.plist";
				PRODUCT_NAME = Aotearoa;
				WRAPPER_EXTENSION = app;
			};
			name = Debug;
		};
		3A06DC971823FD8D009AE70B /* Release */ = {
			isa = XCBuildConfiguration;
			buildSettings = {
				ASSETCATALOG_COMPILER_APPICON_NAME = AppIcon;
				ASSETCATALOG_COMPILER_LAUNCHIMAGE_NAME = LaunchImage;
				GCC_PRECOMPILE_PREFIX_HEADER = YES;
				GCC_PREFIX_HEADER = "NZTravellerApp/Aotearoa-Prefix.pch";
				INFOPLIST_FILE = "NZTravellerApp/Aotearoa-Info.plist";
				PRODUCT_NAME = Aotearoa;
				WRAPPER_EXTENSION = app;
			};
			name = Release;
		};
		3A06DC991823FD8D009AE70B /* Debug */ = {
			isa = XCBuildConfiguration;
			buildSettings = {
				ARCHS = "$(ARCHS_STANDARD_INCLUDING_64_BIT)";
				BUNDLE_LOADER = "$(BUILT_PRODUCTS_DIR)/NZTravellerApp.app/NZTravellerApp";
				FRAMEWORK_SEARCH_PATHS = (
					"$(SDKROOT)/Developer/Library/Frameworks",
					"$(inherited)",
					"$(DEVELOPER_FRAMEWORKS_DIR)",
				);
				GCC_PRECOMPILE_PREFIX_HEADER = YES;
				GCC_PREFIX_HEADER = "NZTravellerApp/NZTravellerApp-Prefix.pch";
				GCC_PREPROCESSOR_DEFINITIONS = (
					"DEBUG=1",
					"$(inherited)",
				);
				INFOPLIST_FILE = "NZTravellerAppTests/AotearoaTests-Info.plist";
				PRODUCT_NAME = AotearoaTests;
				TEST_HOST = "$(BUNDLE_LOADER)";
				WRAPPER_EXTENSION = xctest;
			};
			name = Debug;
		};
		3A06DC9A1823FD8D009AE70B /* Release */ = {
			isa = XCBuildConfiguration;
			buildSettings = {
				ARCHS = "$(ARCHS_STANDARD_INCLUDING_64_BIT)";
				BUNDLE_LOADER = "$(BUILT_PRODUCTS_DIR)/NZTravellerApp.app/NZTravellerApp";
				FRAMEWORK_SEARCH_PATHS = (
					"$(SDKROOT)/Developer/Library/Frameworks",
					"$(inherited)",
					"$(DEVELOPER_FRAMEWORKS_DIR)",
				);
				GCC_PRECOMPILE_PREFIX_HEADER = YES;
				GCC_PREFIX_HEADER = "NZTravellerApp/NZTravellerApp-Prefix.pch";
				INFOPLIST_FILE = "NZTravellerAppTests/AotearoaTests-Info.plist";
				PRODUCT_NAME = AotearoaTests;
				TEST_HOST = "$(BUNDLE_LOADER)";
				WRAPPER_EXTENSION = xctest;
			};
			name = Release;
		};
/* End XCBuildConfiguration section */

/* Begin XCConfigurationList section */
		3A06DC5E1823FD8D009AE70B /* Build configuration list for PBXProject "Aotearoa" */ = {
			isa = XCConfigurationList;
			buildConfigurations = (
				3A06DC931823FD8D009AE70B /* Debug */,
				3A06DC941823FD8D009AE70B /* Release */,
			);
			defaultConfigurationIsVisible = 0;
			defaultConfigurationName = Release;
		};
		3A06DC951823FD8D009AE70B /* Build configuration list for PBXNativeTarget "Aotearoa" */ = {
			isa = XCConfigurationList;
			buildConfigurations = (
				3A06DC961823FD8D009AE70B /* Debug */,
				3A06DC971823FD8D009AE70B /* Release */,
			);
			defaultConfigurationIsVisible = 0;
			defaultConfigurationName = Release;
		};
		3A06DC981823FD8D009AE70B /* Build configuration list for PBXNativeTarget "AotearoaTests" */ = {
			isa = XCConfigurationList;
			buildConfigurations = (
				3A06DC991823FD8D009AE70B /* Debug */,
				3A06DC9A1823FD8D009AE70B /* Release */,
			);
			defaultConfigurationIsVisible = 0;
			defaultConfigurationName = Release;
		};
/* End XCConfigurationList section */

/* Begin XCVersionGroup section */
		3A55BFBB182AB714007D0B40 /* NZTravellerApp.xcdatamodeld */ = {
			isa = XCVersionGroup;
			children = (
				3A55BFBC182AB714007D0B40 /* NZTravellerApp.xcdatamodel */,
			);
			currentVersion = 3A55BFBC182AB714007D0B40 /* NZTravellerApp.xcdatamodel */;
			path = NZTravellerApp.xcdatamodeld;
			sourceTree = "<group>";
			versionGroupType = wrapper.xcdatamodel;
		};
/* End XCVersionGroup section */
	};
	rootObject = 3A06DC5B1823FD8D009AE70B /* Project object */;
}
